PODS:
  - Bond (7.8.1):
    - Differ (~> 1.4)
    - ReactiveKit (~> 3.14)
  - Differ (1.4.5)
  - ReactiveKit (3.17.4)
  - Realm (10.10.0):
    - Realm/Headers (= 10.10.0)
  - Realm/Headers (10.10.0)
  - RealmSwift (10.10.0):
    - Realm (= 10.10.0)
  - SDWebImage (5.11.1):
    - SDWebImage/Core (= 5.11.1)
  - SDWebImage/Core (5.11.1)
  - Swinject (2.7.1)

DEPENDENCIES:
  - Bond
  - RealmSwift (~> 10)
  - SDWebImage
  - Swinject

SPEC REPOS:
  trunk:
    - Bond
    - Differ
    - ReactiveKit
    - Realm
    - RealmSwift
    - SDWebImage
    - Swinject

SPEC CHECKSUMS:
  Bond: 87075c7f20f37ea3e73dc7057fce839787bf46eb
  Differ: 3b6bd78e2b20cc795d9a86f7641d087524e4273e
  ReactiveKit: f9f9e079efa39312c597bf1508ef4810d111ce76
  Realm: f501df41a4222c67850c77cf135d472192ecf294
  RealmSwift: c69aadfc7db0d60075178d037c2f34ada73d5201
  SDWebImage: a7f831e1a65eb5e285e3fb046a23fcfbf08e696d
  Swinject: ddf78b8486dd9b71a667b852cad919ab4484478e

PODFILE CHECKSUM: 7bc9f01a3ec0e40c0d088e5e3a38bc76a05041a5

COCOAPODS: 1.10.1
