// !$*UTF8*$!
{
	archiveVersion = 1;
	classes = {
	};
	objectVersion = 51;
	objects = {

/* Begin PBXBuildFile section */
		2DB4F602273424F900993FDE /* ViewControllerAssembly.swift in Sources */ = {isa = PBXBuildFile; fileRef = 2DB4F601273424F900993FDE /* ViewControllerAssembly.swift */; };
		2DB4F6042734251800993FDE /* ViewModelAssembly.swift in Sources */ = {isa = PBXBuildFile; fileRef = 2DB4F6032734251800993FDE /* ViewModelAssembly.swift */; };
		2DB4F6062734252D00993FDE /* UseCaseAssembly.swift in Sources */ = {isa = PBXBuildFile; fileRef = 2DB4F6052734252D00993FDE /* UseCaseAssembly.swift */; };
		2DB4F6082734254B00993FDE /* RepositoryAssembly.swift in Sources */ = {isa = PBXBuildFile; fileRef = 2DB4F6072734254B00993FDE /* RepositoryAssembly.swift */; };
		2DB4F60A2734256200993FDE /* NetworkAssembly.swift in Sources */ = {isa = PBXBuildFile; fileRef = 2DB4F6092734256200993FDE /* NetworkAssembly.swift */; };
		2DB4F60C2734257B00993FDE /* Assembler+Extension.swift in Sources */ = {isa = PBXBuildFile; fileRef = 2DB4F60B2734257B00993FDE /* Assembler+Extension.swift */; };
		2DB4F60E273425CA00993FDE /* Splash.storyboard in Resources */ = {isa = PBXBuildFile; fileRef = 2DB4F60D273425CA00993FDE /* Splash.storyboard */; };
		2DB4F612273425F600993FDE /* SplashViewController.swift in Sources */ = {isa = PBXBuildFile; fileRef = 2DB4F611273425F600993FDE /* SplashViewController.swift */; };
		2DB4F6152734266500993FDE /* UIStoryboard+Extensions.swift in Sources */ = {isa = PBXBuildFile; fileRef = 2DB4F6142734266500993FDE /* UIStoryboard+Extensions.swift */; };
		2DB4F6182734269C00993FDE /* BaseViewController.swift in Sources */ = {isa = PBXBuildFile; fileRef = 2DB4F6172734269C00993FDE /* BaseViewController.swift */; };
		2DB4F61A273426BA00993FDE /* UIViewController+Extensions.swift in Sources */ = {isa = PBXBuildFile; fileRef = 2DB4F619273426BA00993FDE /* UIViewController+Extensions.swift */; };
		2DB4F61E273432A000993FDE /* PokemonListResponseDTO.swift in Sources */ = {isa = PBXBuildFile; fileRef = 2DB4F61D273432A000993FDE /* PokemonListResponseDTO.swift */; };
		2DB4F6202734330600993FDE /* PokemonListItemDTO.swift in Sources */ = {isa = PBXBuildFile; fileRef = 2DB4F61F2734330600993FDE /* PokemonListItemDTO.swift */; };
		2DB4F624273438EC00993FDE /* PokemonRouter.swift in Sources */ = {isa = PBXBuildFile; fileRef = 2DB4F623273438EC00993FDE /* PokemonRouter.swift */; };
		2DB9394F273AC1EB00478E3B /* PokemonDetailViewController.swift in Sources */ = {isa = PBXBuildFile; fileRef = 2DB9394E273AC1EB00478E3B /* PokemonDetailViewController.swift */; };
		2DB93951273AC1FB00478E3B /* PokemonDetailViewModel.swift in Sources */ = {isa = PBXBuildFile; fileRef = 2DB93950273AC1FB00478E3B /* PokemonDetailViewModel.swift */; };
		2DB93953273AE8AA00478E3B /* PokemonDetailResponseDTO.swift in Sources */ = {isa = PBXBuildFile; fileRef = 2DB93952273AE8AA00478E3B /* PokemonDetailResponseDTO.swift */; };
		2DB93955273AE98D00478E3B /* PokemonSpriteResponseDTO.swift in Sources */ = {isa = PBXBuildFile; fileRef = 2DB93954273AE98D00478E3B /* PokemonSpriteResponseDTO.swift */; };
		2DB93957273AEA3800478E3B /* PokemonStatsResponseDTO.swift in Sources */ = {isa = PBXBuildFile; fileRef = 2DB93956273AEA3800478E3B /* PokemonStatsResponseDTO.swift */; };
		2DB93959273AEAB500478E3B /* PokemonStatItemResponseDTO.swift in Sources */ = {isa = PBXBuildFile; fileRef = 2DB93958273AEAB500478E3B /* PokemonStatItemResponseDTO.swift */; };
		2DB9395B273AEB1E00478E3B /* PokemonTypeElementeResponseDTO.swift in Sources */ = {isa = PBXBuildFile; fileRef = 2DB9395A273AEB1E00478E3B /* PokemonTypeElementeResponseDTO.swift */; };
		2DB9395D273AEB5800478E3B /* PokemonTypeItemResponseDTO.swift in Sources */ = {isa = PBXBuildFile; fileRef = 2DB9395C273AEB5800478E3B /* PokemonTypeItemResponseDTO.swift */; };
		2DB9395F273AEEB900478E3B /* PokemonDetailModel.swift in Sources */ = {isa = PBXBuildFile; fileRef = 2DB9395E273AEEB900478E3B /* PokemonDetailModel.swift */; };
		2DB93961273AEF1200478E3B /* PokemonImageModel.swift in Sources */ = {isa = PBXBuildFile; fileRef = 2DB93960273AEF1200478E3B /* PokemonImageModel.swift */; };
		2DB93963273AEF5100478E3B /* PokemonStatModel.swift in Sources */ = {isa = PBXBuildFile; fileRef = 2DB93962273AEF5100478E3B /* PokemonStatModel.swift */; };
		2DB93965273AF12B00478E3B /* PokemonTypeModel.swift in Sources */ = {isa = PBXBuildFile; fileRef = 2DB93964273AF12B00478E3B /* PokemonTypeModel.swift */; };
		2DB93967273AF1D200478E3B /* PokemonDetailResponseDTOMapper.swift in Sources */ = {isa = PBXBuildFile; fileRef = 2DB93966273AF1D200478E3B /* PokemonDetailResponseDTOMapper.swift */; };
		2DB9396A273AF75900478E3B /* PokemonDetailUseCase.swift in Sources */ = {isa = PBXBuildFile; fileRef = 2DB93969273AF75900478E3B /* PokemonDetailUseCase.swift */; };
		2DB9396C273AF76000478E3B /* PokemonDetailUseCaseDelegate.swift in Sources */ = {isa = PBXBuildFile; fileRef = 2DB9396B273AF76000478E3B /* PokemonDetailUseCaseDelegate.swift */; };
		2DB9396E273AF76600478E3B /* PokemonDetailUseCaseDefault.swift in Sources */ = {isa = PBXBuildFile; fileRef = 2DB9396D273AF76600478E3B /* PokemonDetailUseCaseDefault.swift */; };
		2DBF817A2733396E008BB75E /* AppDelegate.swift in Sources */ = {isa = PBXBuildFile; fileRef = 2DBF81792733396E008BB75E /* AppDelegate.swift */; };
		2DBF817C2733396E008BB75E /* SceneDelegate.swift in Sources */ = {isa = PBXBuildFile; fileRef = 2DBF817B2733396E008BB75E /* SceneDelegate.swift */; };
		2DBF818327333970008BB75E /* Assets.xcassets in Resources */ = {isa = PBXBuildFile; fileRef = 2DBF818227333970008BB75E /* Assets.xcassets */; };
		2DBF819627333BC8008BB75E /* Configuration.swift in Sources */ = {isa = PBXBuildFile; fileRef = 2DBF819527333BC8008BB75E /* Configuration.swift */; };
		2DBF819927333BF2008BB75E /* ConsoleLogger.swift in Sources */ = {isa = PBXBuildFile; fileRef = 2DBF819827333BF2008BB75E /* ConsoleLogger.swift */; };
		2DBF819F273343D1008BB75E /* NetworkRequestPerfomer.swift in Sources */ = {isa = PBXBuildFile; fileRef = 2DBF819E273343D1008BB75E /* NetworkRequestPerfomer.swift */; };
		2DBF81A127334427008BB75E /* APIConfiguration.swift in Sources */ = {isa = PBXBuildFile; fileRef = 2DBF81A027334427008BB75E /* APIConfiguration.swift */; };
		2DBF81A4273344DB008BB75E /* CustomError.swift in Sources */ = {isa = PBXBuildFile; fileRef = 2DBF81A3273344DB008BB75E /* CustomError.swift */; };
		2DBF81A7273349BE008BB75E /* Localized.swift in Sources */ = {isa = PBXBuildFile; fileRef = 2DBF81A6273349BE008BB75E /* Localized.swift */; };
		2DBF81AA27334B15008BB75E /* Localizable.strings in Resources */ = {isa = PBXBuildFile; fileRef = 2DBF81AC27334B15008BB75E /* Localizable.strings */; };
		2DCDAE6227398C7300AF9C9E /* PokemonRequest.swift in Sources */ = {isa = PBXBuildFile; fileRef = 2DCDAE6127398C7300AF9C9E /* PokemonRequest.swift */; };
		2DCDAE6427398CBC00AF9C9E /* PokemonRequestDefault.swift in Sources */ = {isa = PBXBuildFile; fileRef = 2DCDAE6327398CBC00AF9C9E /* PokemonRequestDefault.swift */; };
		2DCDAE6827398E0F00AF9C9E /* PokemonRepository.swift in Sources */ = {isa = PBXBuildFile; fileRef = 2DCDAE6727398E0F00AF9C9E /* PokemonRepository.swift */; };
		2DCDAE6B27398E6D00AF9C9E /* PokemonModel.swift in Sources */ = {isa = PBXBuildFile; fileRef = 2DCDAE6A27398E6D00AF9C9E /* PokemonModel.swift */; };
		2DCDAE6E27398ED700AF9C9E /* PokemonRepositoryDefault.swift in Sources */ = {isa = PBXBuildFile; fileRef = 2DCDAE6D27398ED700AF9C9E /* PokemonRepositoryDefault.swift */; };
		2DCDAE71273991C000AF9C9E /* PokemonListResponseDTOMapper.swift in Sources */ = {isa = PBXBuildFile; fileRef = 2DCDAE70273991C000AF9C9E /* PokemonListResponseDTOMapper.swift */; };
		2DCDAE73273991FA00AF9C9E /* PokemonItemModel.swift in Sources */ = {isa = PBXBuildFile; fileRef = 2DCDAE72273991FA00AF9C9E /* PokemonItemModel.swift */; };
		2DCDAE772739C2DF00AF9C9E /* PokemonListUseCase.swift in Sources */ = {isa = PBXBuildFile; fileRef = 2DCDAE762739C2DF00AF9C9E /* PokemonListUseCase.swift */; };
		2DCDAE792739C2E900AF9C9E /* PokemonListUseCaseDelegate.swift in Sources */ = {isa = PBXBuildFile; fileRef = 2DCDAE782739C2E900AF9C9E /* PokemonListUseCaseDelegate.swift */; };
		2DCDAE7B2739C2F100AF9C9E /* PokemonListUseCaseDefault.swift in Sources */ = {isa = PBXBuildFile; fileRef = 2DCDAE7A2739C2F100AF9C9E /* PokemonListUseCaseDefault.swift */; };
		2DCDAE802739C56800AF9C9E /* PokemonListViewController.swift in Sources */ = {isa = PBXBuildFile; fileRef = 2DCDAE7F2739C56800AF9C9E /* PokemonListViewController.swift */; };
		2DCDAE822739C59000AF9C9E /* PokemonListViewModel.swift in Sources */ = {isa = PBXBuildFile; fileRef = 2DCDAE812739C59000AF9C9E /* PokemonListViewModel.swift */; };
		2DCDAE862739CB1300AF9C9E /* PokemonListTableViewCell.swift in Sources */ = {isa = PBXBuildFile; fileRef = 2DCDAE852739CB1300AF9C9E /* PokemonListTableViewCell.swift */; };
		2DCDAE892739D88E00AF9C9E /* PokemonListObject.swift in Sources */ = {isa = PBXBuildFile; fileRef = 2DCDAE882739D88E00AF9C9E /* PokemonListObject.swift */; };
		2DCDAE8B2739D8CE00AF9C9E /* PokemonItemObject.swift in Sources */ = {isa = PBXBuildFile; fileRef = 2DCDAE8A2739D8CE00AF9C9E /* PokemonItemObject.swift */; };
		2DCDAE8F2739DACA00AF9C9E /* PokemonListRequestDB.swift in Sources */ = {isa = PBXBuildFile; fileRef = 2DCDAE8E2739DACA00AF9C9E /* PokemonListRequestDB.swift */; };
		2DCDAE912739DB8200AF9C9E /* PokemonListRequestDBDefault.swift in Sources */ = {isa = PBXBuildFile; fileRef = 2DCDAE902739DB8200AF9C9E /* PokemonListRequestDBDefault.swift */; };
		2DCDAE932739DED400AF9C9E /* DatabaseAssembly.swift in Sources */ = {isa = PBXBuildFile; fileRef = 2DCDAE922739DED400AF9C9E /* DatabaseAssembly.swift */; };
		2DCDAE952739E6CE00AF9C9E /* PokemonListResponseDBMapper.swift in Sources */ = {isa = PBXBuildFile; fileRef = 2DCDAE942739E6CE00AF9C9E /* PokemonListResponseDBMapper.swift */; };
		2DDA0256273BDAC5004CC40E /* ImageTableViewCell.swift in Sources */ = {isa = PBXBuildFile; fileRef = 2DDA0255273BDAC5004CC40E /* ImageTableViewCell.swift */; };
		2DDA0258273C2176004CC40E /* DetailItem.swift in Sources */ = {isa = PBXBuildFile; fileRef = 2DDA0257273C2176004CC40E /* DetailItem.swift */; };
		2DDA025A273C27B3004CC40E /* TextualTableViewCell.swift in Sources */ = {isa = PBXBuildFile; fileRef = 2DDA0259273C27B3004CC40E /* TextualTableViewCell.swift */; };
		2DDA026B273C47EF004CC40E /* PokemonItemModelUnitTest.swift in Sources */ = {isa = PBXBuildFile; fileRef = 2DDA026A273C47EF004CC40E /* PokemonItemModelUnitTest.swift */; };
		2DDA026D273C492D004CC40E /* PokemonItemModelTest.swift in Sources */ = {isa = PBXBuildFile; fileRef = 2DDA026C273C492D004CC40E /* PokemonItemModelTest.swift */; };
		2DDA0273273C50FC004CC40E /* PokemonListUseCaseIntegrationTest.swift in Sources */ = {isa = PBXBuildFile; fileRef = 2DDA0272273C50FC004CC40E /* PokemonListUseCaseIntegrationTest.swift */; };
		2DDA0275273C5204004CC40E /* PokemonDataRequestTest.swift in Sources */ = {isa = PBXBuildFile; fileRef = 2DDA0274273C5204004CC40E /* PokemonDataRequestTest.swift */; };
		2DDA0279273C534E004CC40E /* pokemon_list_response_200.json in Resources */ = {isa = PBXBuildFile; fileRef = 2DDA0277273C5330004CC40E /* pokemon_list_response_200.json */; };
		2DDA027C273C5361004CC40E /* pokemon_detail_response_200.json in Resources */ = {isa = PBXBuildFile; fileRef = 2DDA027A273C535F004CC40E /* pokemon_detail_response_200.json */; };
		2DDA027E273C544D004CC40E /* PokemonListUseCaseTest.swift in Sources */ = {isa = PBXBuildFile; fileRef = 2DDA027D273C544D004CC40E /* PokemonListUseCaseTest.swift */; };
		2DDA0280273C707C004CC40E /* PokemonDetailUseCaseIntegrationTest.swift in Sources */ = {isa = PBXBuildFile; fileRef = 2DDA027F273C707C004CC40E /* PokemonDetailUseCaseIntegrationTest.swift */; };
		2DDA0282273C725B004CC40E /* PokemonDetailUseCaseTest.swift in Sources */ = {isa = PBXBuildFile; fileRef = 2DDA0281273C725B004CC40E /* PokemonDetailUseCaseTest.swift */; };
		B8909E947F532A20651727FD /* Pods_pokemonPoc.framework in Frameworks */ = {isa = PBXBuildFile; fileRef = 5E63D778A695DC2C99AF42B3 /* Pods_pokemonPoc.framework */; };
		EB2D7EF42A4C32808AC8A88E /* Pods_pokemonPocTests.framework in Frameworks */ = {isa = PBXBuildFile; fileRef = ED4F3C90A79A72C3B2A67F57 /* Pods_pokemonPocTests.framework */; };
/* End PBXBuildFile section */

/* Begin PBXContainerItemProxy section */
		2DDA0264273C46B9004CC40E /* PBXContainerItemProxy */ = {
			isa = PBXContainerItemProxy;
			containerPortal = 2DBF816E2733396E008BB75E /* Project object */;
			proxyType = 1;
			remoteGlobalIDString = 2DBF81752733396E008BB75E;
			remoteInfo = pokemonPoc;
		};
/* End PBXContainerItemProxy section */

/* Begin PBXFileReference section */
		15A285FFD7BC65E856B5DB6B /* Pods-pokemonPoc.release.xcconfig */ = {isa = PBXFileReference; includeInIndex = 1; lastKnownFileType = text.xcconfig; name = "Pods-pokemonPoc.release.xcconfig"; path = "Target Support Files/Pods-pokemonPoc/Pods-pokemonPoc.release.xcconfig"; sourceTree = "<group>"; };
		2DB4F601273424F900993FDE /* ViewControllerAssembly.swift */ = {isa = PBXFileReference; lastKnownFileType = sourcecode.swift; path = ViewControllerAssembly.swift; sourceTree = "<group>"; };
		2DB4F6032734251800993FDE /* ViewModelAssembly.swift */ = {isa = PBXFileReference; lastKnownFileType = sourcecode.swift; path = ViewModelAssembly.swift; sourceTree = "<group>"; };
		2DB4F6052734252D00993FDE /* UseCaseAssembly.swift */ = {isa = PBXFileReference; lastKnownFileType = sourcecode.swift; path = UseCaseAssembly.swift; sourceTree = "<group>"; };
		2DB4F6072734254B00993FDE /* RepositoryAssembly.swift */ = {isa = PBXFileReference; lastKnownFileType = sourcecode.swift; path = RepositoryAssembly.swift; sourceTree = "<group>"; };
		2DB4F6092734256200993FDE /* NetworkAssembly.swift */ = {isa = PBXFileReference; lastKnownFileType = sourcecode.swift; path = NetworkAssembly.swift; sourceTree = "<group>"; };
		2DB4F60B2734257B00993FDE /* Assembler+Extension.swift */ = {isa = PBXFileReference; lastKnownFileType = sourcecode.swift; path = "Assembler+Extension.swift"; sourceTree = "<group>"; };
		2DB4F60D273425CA00993FDE /* Splash.storyboard */ = {isa = PBXFileReference; lastKnownFileType = file.storyboard; path = Splash.storyboard; sourceTree = "<group>"; };
		2DB4F611273425F600993FDE /* SplashViewController.swift */ = {isa = PBXFileReference; lastKnownFileType = sourcecode.swift; path = SplashViewController.swift; sourceTree = "<group>"; };
		2DB4F6142734266500993FDE /* UIStoryboard+Extensions.swift */ = {isa = PBXFileReference; lastKnownFileType = sourcecode.swift; path = "UIStoryboard+Extensions.swift"; sourceTree = "<group>"; };
		2DB4F6172734269C00993FDE /* BaseViewController.swift */ = {isa = PBXFileReference; lastKnownFileType = sourcecode.swift; path = BaseViewController.swift; sourceTree = "<group>"; };
		2DB4F619273426BA00993FDE /* UIViewController+Extensions.swift */ = {isa = PBXFileReference; lastKnownFileType = sourcecode.swift; path = "UIViewController+Extensions.swift"; sourceTree = "<group>"; };
		2DB4F61D273432A000993FDE /* PokemonListResponseDTO.swift */ = {isa = PBXFileReference; lastKnownFileType = sourcecode.swift; path = PokemonListResponseDTO.swift; sourceTree = "<group>"; };
		2DB4F61F2734330600993FDE /* PokemonListItemDTO.swift */ = {isa = PBXFileReference; lastKnownFileType = sourcecode.swift; path = PokemonListItemDTO.swift; sourceTree = "<group>"; };
		2DB4F623273438EC00993FDE /* PokemonRouter.swift */ = {isa = PBXFileReference; lastKnownFileType = sourcecode.swift; path = PokemonRouter.swift; sourceTree = "<group>"; };
		2DB9394E273AC1EB00478E3B /* PokemonDetailViewController.swift */ = {isa = PBXFileReference; lastKnownFileType = sourcecode.swift; path = PokemonDetailViewController.swift; sourceTree = "<group>"; };
		2DB93950273AC1FB00478E3B /* PokemonDetailViewModel.swift */ = {isa = PBXFileReference; lastKnownFileType = sourcecode.swift; path = PokemonDetailViewModel.swift; sourceTree = "<group>"; };
		2DB93952273AE8AA00478E3B /* PokemonDetailResponseDTO.swift */ = {isa = PBXFileReference; lastKnownFileType = sourcecode.swift; path = PokemonDetailResponseDTO.swift; sourceTree = "<group>"; };
		2DB93954273AE98D00478E3B /* PokemonSpriteResponseDTO.swift */ = {isa = PBXFileReference; lastKnownFileType = sourcecode.swift; path = PokemonSpriteResponseDTO.swift; sourceTree = "<group>"; };
		2DB93956273AEA3800478E3B /* PokemonStatsResponseDTO.swift */ = {isa = PBXFileReference; lastKnownFileType = sourcecode.swift; path = PokemonStatsResponseDTO.swift; sourceTree = "<group>"; };
		2DB93958273AEAB500478E3B /* PokemonStatItemResponseDTO.swift */ = {isa = PBXFileReference; lastKnownFileType = sourcecode.swift; path = PokemonStatItemResponseDTO.swift; sourceTree = "<group>"; };
		2DB9395A273AEB1E00478E3B /* PokemonTypeElementeResponseDTO.swift */ = {isa = PBXFileReference; lastKnownFileType = sourcecode.swift; path = PokemonTypeElementeResponseDTO.swift; sourceTree = "<group>"; };
		2DB9395C273AEB5800478E3B /* PokemonTypeItemResponseDTO.swift */ = {isa = PBXFileReference; lastKnownFileType = sourcecode.swift; path = PokemonTypeItemResponseDTO.swift; sourceTree = "<group>"; };
		2DB9395E273AEEB900478E3B /* PokemonDetailModel.swift */ = {isa = PBXFileReference; lastKnownFileType = sourcecode.swift; path = PokemonDetailModel.swift; sourceTree = "<group>"; };
		2DB93960273AEF1200478E3B /* PokemonImageModel.swift */ = {isa = PBXFileReference; lastKnownFileType = sourcecode.swift; path = PokemonImageModel.swift; sourceTree = "<group>"; };
		2DB93962273AEF5100478E3B /* PokemonStatModel.swift */ = {isa = PBXFileReference; lastKnownFileType = sourcecode.swift; path = PokemonStatModel.swift; sourceTree = "<group>"; };
		2DB93964273AF12B00478E3B /* PokemonTypeModel.swift */ = {isa = PBXFileReference; lastKnownFileType = sourcecode.swift; path = PokemonTypeModel.swift; sourceTree = "<group>"; };
		2DB93966273AF1D200478E3B /* PokemonDetailResponseDTOMapper.swift */ = {isa = PBXFileReference; lastKnownFileType = sourcecode.swift; path = PokemonDetailResponseDTOMapper.swift; sourceTree = "<group>"; };
		2DB93969273AF75900478E3B /* PokemonDetailUseCase.swift */ = {isa = PBXFileReference; lastKnownFileType = sourcecode.swift; path = PokemonDetailUseCase.swift; sourceTree = "<group>"; };
		2DB9396B273AF76000478E3B /* PokemonDetailUseCaseDelegate.swift */ = {isa = PBXFileReference; lastKnownFileType = sourcecode.swift; path = PokemonDetailUseCaseDelegate.swift; sourceTree = "<group>"; };
		2DB9396D273AF76600478E3B /* PokemonDetailUseCaseDefault.swift */ = {isa = PBXFileReference; lastKnownFileType = sourcecode.swift; path = PokemonDetailUseCaseDefault.swift; sourceTree = "<group>"; };
		2DBF81762733396E008BB75E /* pokemonPoc.app */ = {isa = PBXFileReference; explicitFileType = wrapper.application; includeInIndex = 0; path = pokemonPoc.app; sourceTree = BUILT_PRODUCTS_DIR; };
		2DBF81792733396E008BB75E /* AppDelegate.swift */ = {isa = PBXFileReference; lastKnownFileType = sourcecode.swift; path = AppDelegate.swift; sourceTree = "<group>"; };
		2DBF817B2733396E008BB75E /* SceneDelegate.swift */ = {isa = PBXFileReference; lastKnownFileType = sourcecode.swift; path = SceneDelegate.swift; sourceTree = "<group>"; };
		2DBF818227333970008BB75E /* Assets.xcassets */ = {isa = PBXFileReference; lastKnownFileType = folder.assetcatalog; path = Assets.xcassets; sourceTree = "<group>"; };
		2DBF818727333970008BB75E /* Info.plist */ = {isa = PBXFileReference; lastKnownFileType = text.plist.xml; path = Info.plist; sourceTree = "<group>"; };
		2DBF819427333BB2008BB75E /* Config.xcconfig */ = {isa = PBXFileReference; lastKnownFileType = text.xcconfig; path = Config.xcconfig; sourceTree = "<group>"; };
		2DBF819527333BC8008BB75E /* Configuration.swift */ = {isa = PBXFileReference; lastKnownFileType = sourcecode.swift; path = Configuration.swift; sourceTree = "<group>"; };
		2DBF819827333BF2008BB75E /* ConsoleLogger.swift */ = {isa = PBXFileReference; lastKnownFileType = sourcecode.swift; path = ConsoleLogger.swift; sourceTree = "<group>"; };
		2DBF819E273343D1008BB75E /* NetworkRequestPerfomer.swift */ = {isa = PBXFileReference; lastKnownFileType = sourcecode.swift; path = NetworkRequestPerfomer.swift; sourceTree = "<group>"; };
		2DBF81A027334427008BB75E /* APIConfiguration.swift */ = {isa = PBXFileReference; lastKnownFileType = sourcecode.swift; path = APIConfiguration.swift; sourceTree = "<group>"; };
		2DBF81A3273344DB008BB75E /* CustomError.swift */ = {isa = PBXFileReference; lastKnownFileType = sourcecode.swift; path = CustomError.swift; sourceTree = "<group>"; };
		2DBF81A6273349BE008BB75E /* Localized.swift */ = {isa = PBXFileReference; lastKnownFileType = sourcecode.swift; path = Localized.swift; sourceTree = "<group>"; };
		2DBF81AB27334B15008BB75E /* en */ = {isa = PBXFileReference; lastKnownFileType = text.plist.strings; name = en; path = en.lproj/Localizable.strings; sourceTree = "<group>"; };
		2DCDAE6127398C7300AF9C9E /* PokemonRequest.swift */ = {isa = PBXFileReference; lastKnownFileType = sourcecode.swift; path = PokemonRequest.swift; sourceTree = "<group>"; };
		2DCDAE6327398CBC00AF9C9E /* PokemonRequestDefault.swift */ = {isa = PBXFileReference; lastKnownFileType = sourcecode.swift; path = PokemonRequestDefault.swift; sourceTree = "<group>"; };
		2DCDAE6727398E0F00AF9C9E /* PokemonRepository.swift */ = {isa = PBXFileReference; lastKnownFileType = sourcecode.swift; path = PokemonRepository.swift; sourceTree = "<group>"; };
		2DCDAE6A27398E6D00AF9C9E /* PokemonModel.swift */ = {isa = PBXFileReference; lastKnownFileType = sourcecode.swift; path = PokemonModel.swift; sourceTree = "<group>"; };
		2DCDAE6D27398ED700AF9C9E /* PokemonRepositoryDefault.swift */ = {isa = PBXFileReference; lastKnownFileType = sourcecode.swift; path = PokemonRepositoryDefault.swift; sourceTree = "<group>"; };
		2DCDAE70273991C000AF9C9E /* PokemonListResponseDTOMapper.swift */ = {isa = PBXFileReference; lastKnownFileType = sourcecode.swift; path = PokemonListResponseDTOMapper.swift; sourceTree = "<group>"; };
		2DCDAE72273991FA00AF9C9E /* PokemonItemModel.swift */ = {isa = PBXFileReference; lastKnownFileType = sourcecode.swift; path = PokemonItemModel.swift; sourceTree = "<group>"; };
		2DCDAE762739C2DF00AF9C9E /* PokemonListUseCase.swift */ = {isa = PBXFileReference; lastKnownFileType = sourcecode.swift; path = PokemonListUseCase.swift; sourceTree = "<group>"; };
		2DCDAE782739C2E900AF9C9E /* PokemonListUseCaseDelegate.swift */ = {isa = PBXFileReference; lastKnownFileType = sourcecode.swift; path = PokemonListUseCaseDelegate.swift; sourceTree = "<group>"; };
		2DCDAE7A2739C2F100AF9C9E /* PokemonListUseCaseDefault.swift */ = {isa = PBXFileReference; lastKnownFileType = sourcecode.swift; path = PokemonListUseCaseDefault.swift; sourceTree = "<group>"; };
		2DCDAE7F2739C56800AF9C9E /* PokemonListViewController.swift */ = {isa = PBXFileReference; lastKnownFileType = sourcecode.swift; path = PokemonListViewController.swift; sourceTree = "<group>"; };
		2DCDAE812739C59000AF9C9E /* PokemonListViewModel.swift */ = {isa = PBXFileReference; lastKnownFileType = sourcecode.swift; path = PokemonListViewModel.swift; sourceTree = "<group>"; };
		2DCDAE852739CB1300AF9C9E /* PokemonListTableViewCell.swift */ = {isa = PBXFileReference; lastKnownFileType = sourcecode.swift; path = PokemonListTableViewCell.swift; sourceTree = "<group>"; };
		2DCDAE882739D88E00AF9C9E /* PokemonListObject.swift */ = {isa = PBXFileReference; lastKnownFileType = sourcecode.swift; path = PokemonListObject.swift; sourceTree = "<group>"; };
		2DCDAE8A2739D8CE00AF9C9E /* PokemonItemObject.swift */ = {isa = PBXFileReference; lastKnownFileType = sourcecode.swift; path = PokemonItemObject.swift; sourceTree = "<group>"; };
		2DCDAE8E2739DACA00AF9C9E /* PokemonListRequestDB.swift */ = {isa = PBXFileReference; lastKnownFileType = sourcecode.swift; path = PokemonListRequestDB.swift; sourceTree = "<group>"; };
		2DCDAE902739DB8200AF9C9E /* PokemonListRequestDBDefault.swift */ = {isa = PBXFileReference; lastKnownFileType = sourcecode.swift; path = PokemonListRequestDBDefault.swift; sourceTree = "<group>"; };
		2DCDAE922739DED400AF9C9E /* DatabaseAssembly.swift */ = {isa = PBXFileReference; lastKnownFileType = sourcecode.swift; path = DatabaseAssembly.swift; sourceTree = "<group>"; };
		2DCDAE942739E6CE00AF9C9E /* PokemonListResponseDBMapper.swift */ = {isa = PBXFileReference; lastKnownFileType = sourcecode.swift; path = PokemonListResponseDBMapper.swift; sourceTree = "<group>"; };
		2DDA0255273BDAC5004CC40E /* ImageTableViewCell.swift */ = {isa = PBXFileReference; lastKnownFileType = sourcecode.swift; path = ImageTableViewCell.swift; sourceTree = "<group>"; };
		2DDA0257273C2176004CC40E /* DetailItem.swift */ = {isa = PBXFileReference; lastKnownFileType = sourcecode.swift; path = DetailItem.swift; sourceTree = "<group>"; };
		2DDA0259273C27B3004CC40E /* TextualTableViewCell.swift */ = {isa = PBXFileReference; lastKnownFileType = sourcecode.swift; path = TextualTableViewCell.swift; sourceTree = "<group>"; };
		2DDA025F273C46B9004CC40E /* pokemonPocTests.xctest */ = {isa = PBXFileReference; explicitFileType = wrapper.cfbundle; includeInIndex = 0; path = pokemonPocTests.xctest; sourceTree = BUILT_PRODUCTS_DIR; };
		2DDA0263273C46B9004CC40E /* Info.plist */ = {isa = PBXFileReference; lastKnownFileType = text.plist.xml; path = Info.plist; sourceTree = "<group>"; };
		2DDA026A273C47EF004CC40E /* PokemonItemModelUnitTest.swift */ = {isa = PBXFileReference; lastKnownFileType = sourcecode.swift; path = PokemonItemModelUnitTest.swift; sourceTree = "<group>"; };
		2DDA026C273C492D004CC40E /* PokemonItemModelTest.swift */ = {isa = PBXFileReference; lastKnownFileType = sourcecode.swift; path = PokemonItemModelTest.swift; sourceTree = "<group>"; };
		2DDA0272273C50FC004CC40E /* PokemonListUseCaseIntegrationTest.swift */ = {isa = PBXFileReference; lastKnownFileType = sourcecode.swift; path = PokemonListUseCaseIntegrationTest.swift; sourceTree = "<group>"; };
		2DDA0274273C5204004CC40E /* PokemonDataRequestTest.swift */ = {isa = PBXFileReference; lastKnownFileType = sourcecode.swift; path = PokemonDataRequestTest.swift; sourceTree = "<group>"; };
		2DDA0277273C5330004CC40E /* pokemon_list_response_200.json */ = {isa = PBXFileReference; lastKnownFileType = text.json; path = pokemon_list_response_200.json; sourceTree = "<group>"; };
		2DDA027A273C535F004CC40E /* pokemon_detail_response_200.json */ = {isa = PBXFileReference; lastKnownFileType = text.json; path = pokemon_detail_response_200.json; sourceTree = "<group>"; };
		2DDA027D273C544D004CC40E /* PokemonListUseCaseTest.swift */ = {isa = PBXFileReference; lastKnownFileType = sourcecode.swift; path = PokemonListUseCaseTest.swift; sourceTree = "<group>"; };
		2DDA027F273C707C004CC40E /* PokemonDetailUseCaseIntegrationTest.swift */ = {isa = PBXFileReference; lastKnownFileType = sourcecode.swift; path = PokemonDetailUseCaseIntegrationTest.swift; sourceTree = "<group>"; };
		2DDA0281273C725B004CC40E /* PokemonDetailUseCaseTest.swift */ = {isa = PBXFileReference; lastKnownFileType = sourcecode.swift; path = PokemonDetailUseCaseTest.swift; sourceTree = "<group>"; };
		5E63D778A695DC2C99AF42B3 /* Pods_pokemonPoc.framework */ = {isa = PBXFileReference; explicitFileType = wrapper.framework; includeInIndex = 0; path = Pods_pokemonPoc.framework; sourceTree = BUILT_PRODUCTS_DIR; };
		60755954B5D6133CD1216811 /* Pods-pokemonPoc-pokemonPocTests.debug.xcconfig */ = {isa = PBXFileReference; includeInIndex = 1; lastKnownFileType = text.xcconfig; name = "Pods-pokemonPoc-pokemonPocTests.debug.xcconfig"; path = "Target Support Files/Pods-pokemonPoc-pokemonPocTests/Pods-pokemonPoc-pokemonPocTests.debug.xcconfig"; sourceTree = "<group>"; };
		7CF03742601F5EDCE39132F0 /* Pods-pokemonPoc.debug.xcconfig */ = {isa = PBXFileReference; includeInIndex = 1; lastKnownFileType = text.xcconfig; name = "Pods-pokemonPoc.debug.xcconfig"; path = "Target Support Files/Pods-pokemonPoc/Pods-pokemonPoc.debug.xcconfig"; sourceTree = "<group>"; };
		8E7A371282AB532A7D5D042B /* Pods-pokemonPocTests.release.xcconfig */ = {isa = PBXFileReference; includeInIndex = 1; lastKnownFileType = text.xcconfig; name = "Pods-pokemonPocTests.release.xcconfig"; path = "Target Support Files/Pods-pokemonPocTests/Pods-pokemonPocTests.release.xcconfig"; sourceTree = "<group>"; };
		B8BF51DBD9DDAF0AFFED6704 /* Pods-pokemonPocTests.debug.xcconfig */ = {isa = PBXFileReference; includeInIndex = 1; lastKnownFileType = text.xcconfig; name = "Pods-pokemonPocTests.debug.xcconfig"; path = "Target Support Files/Pods-pokemonPocTests/Pods-pokemonPocTests.debug.xcconfig"; sourceTree = "<group>"; };
		E75D9F659BB7BA25B3FD1383 /* Pods-pokemonPoc-pokemonPocTests.release.xcconfig */ = {isa = PBXFileReference; includeInIndex = 1; lastKnownFileType = text.xcconfig; name = "Pods-pokemonPoc-pokemonPocTests.release.xcconfig"; path = "Target Support Files/Pods-pokemonPoc-pokemonPocTests/Pods-pokemonPoc-pokemonPocTests.release.xcconfig"; sourceTree = "<group>"; };
		ED4F3C90A79A72C3B2A67F57 /* Pods_pokemonPocTests.framework */ = {isa = PBXFileReference; explicitFileType = wrapper.framework; includeInIndex = 0; path = Pods_pokemonPocTests.framework; sourceTree = BUILT_PRODUCTS_DIR; };
/* End PBXFileReference section */

/* Begin PBXFrameworksBuildPhase section */
		2DBF81732733396E008BB75E /* Frameworks */ = {
			isa = PBXFrameworksBuildPhase;
			buildActionMask = 2147483647;
			files = (
				B8909E947F532A20651727FD /* Pods_pokemonPoc.framework in Frameworks */,
			);
			runOnlyForDeploymentPostprocessing = 0;
		};
		2DDA025C273C46B9004CC40E /* Frameworks */ = {
			isa = PBXFrameworksBuildPhase;
			buildActionMask = 2147483647;
			files = (
				EB2D7EF42A4C32808AC8A88E /* Pods_pokemonPocTests.framework in Frameworks */,
			);
			runOnlyForDeploymentPostprocessing = 0;
		};
/* End PBXFrameworksBuildPhase section */

/* Begin PBXGroup section */
		2DB4F5FF273424CE00993FDE /* DI */ = {
			isa = PBXGroup;
			children = (
				2DB4F600273424E700993FDE /* Extension */,
				2DB4F601273424F900993FDE /* ViewControllerAssembly.swift */,
				2DB4F6032734251800993FDE /* ViewModelAssembly.swift */,
				2DB4F6052734252D00993FDE /* UseCaseAssembly.swift */,
				2DB4F6072734254B00993FDE /* RepositoryAssembly.swift */,
				2DB4F6092734256200993FDE /* NetworkAssembly.swift */,
				2DCDAE922739DED400AF9C9E /* DatabaseAssembly.swift */,
			);
			path = DI;
			sourceTree = "<group>";
		};
		2DB4F600273424E700993FDE /* Extension */ = {
			isa = PBXGroup;
			children = (
				2DB4F60B2734257B00993FDE /* Assembler+Extension.swift */,
			);
			path = Extension;
			sourceTree = "<group>";
		};
		2DB4F60F273425DD00993FDE /* Splash */ = {
			isa = PBXGroup;
			children = (
				2DB4F610273425E600993FDE /* Controller */,
			);
			path = Splash;
			sourceTree = "<group>";
		};
		2DB4F610273425E600993FDE /* Controller */ = {
			isa = PBXGroup;
			children = (
				2DB4F611273425F600993FDE /* SplashViewController.swift */,
			);
			path = Controller;
			sourceTree = "<group>";
		};
		2DB4F6132734265500993FDE /* Extension */ = {
			isa = PBXGroup;
			children = (
				2DB4F6142734266500993FDE /* UIStoryboard+Extensions.swift */,
				2DB4F619273426BA00993FDE /* UIViewController+Extensions.swift */,
			);
			path = Extension;
			sourceTree = "<group>";
		};
		2DB4F6162734269200993FDE /* Base */ = {
			isa = PBXGroup;
			children = (
				2DB4F6172734269C00993FDE /* BaseViewController.swift */,
			);
			path = Base;
			sourceTree = "<group>";
		};
		2DB4F61B2734312900993FDE /* Data */ = {
			isa = PBXGroup;
			children = (
				2DCDAE8C2739DAA700AF9C9E /* Persistence */,
				2DCDAE6F273991AE00AF9C9E /* Mapper */,
				2DCDAE6C27398EC300AF9C9E /* Repository */,
				2DB4F621273438C400993FDE /* Network */,
				2DB4F61C2734312D00993FDE /* DTO */,
			);
			path = Data;
			sourceTree = "<group>";
		};
		2DB4F61C2734312D00993FDE /* DTO */ = {
			isa = PBXGroup;
			children = (
				2DB4F61D273432A000993FDE /* PokemonListResponseDTO.swift */,
				2DB4F61F2734330600993FDE /* PokemonListItemDTO.swift */,
				2DB93952273AE8AA00478E3B /* PokemonDetailResponseDTO.swift */,
				2DB93954273AE98D00478E3B /* PokemonSpriteResponseDTO.swift */,
				2DB93956273AEA3800478E3B /* PokemonStatsResponseDTO.swift */,
				2DB93958273AEAB500478E3B /* PokemonStatItemResponseDTO.swift */,
				2DB9395A273AEB1E00478E3B /* PokemonTypeElementeResponseDTO.swift */,
				2DB9395C273AEB5800478E3B /* PokemonTypeItemResponseDTO.swift */,
			);
			path = DTO;
			sourceTree = "<group>";
		};
		2DB4F621273438C400993FDE /* Network */ = {
			isa = PBXGroup;
			children = (
				2DB4F622273438CB00993FDE /* PokemonList */,
			);
			path = Network;
			sourceTree = "<group>";
		};
		2DB4F622273438CB00993FDE /* PokemonList */ = {
			isa = PBXGroup;
			children = (
				2DB4F623273438EC00993FDE /* PokemonRouter.swift */,
				2DCDAE6127398C7300AF9C9E /* PokemonRequest.swift */,
				2DCDAE6327398CBC00AF9C9E /* PokemonRequestDefault.swift */,
			);
			path = PokemonList;
			sourceTree = "<group>";
		};
		2DB9394A273AC1B000478E3B /* Detail */ = {
			isa = PBXGroup;
			children = (
				2DB9394D273AC1C900478E3B /* Controller */,
				2DB9394C273AC1C400478E3B /* ViewModel */,
			);
			path = Detail;
			sourceTree = "<group>";
		};
		2DB9394C273AC1C400478E3B /* ViewModel */ = {
			isa = PBXGroup;
			children = (
				2DB93950273AC1FB00478E3B /* PokemonDetailViewModel.swift */,
			);
			path = ViewModel;
			sourceTree = "<group>";
		};
		2DB9394D273AC1C900478E3B /* Controller */ = {
			isa = PBXGroup;
			children = (
				2DB9394E273AC1EB00478E3B /* PokemonDetailViewController.swift */,
			);
			path = Controller;
			sourceTree = "<group>";
		};
		2DB93968273AF74300478E3B /* PokemonDetail */ = {
			isa = PBXGroup;
			children = (
				2DB93969273AF75900478E3B /* PokemonDetailUseCase.swift */,
				2DB9396B273AF76000478E3B /* PokemonDetailUseCaseDelegate.swift */,
				2DB9396D273AF76600478E3B /* PokemonDetailUseCaseDefault.swift */,
			);
			path = PokemonDetail;
			sourceTree = "<group>";
		};
		2DBF816D2733396E008BB75E = {
			isa = PBXGroup;
			children = (
				2DBF81782733396E008BB75E /* pokemonPoc */,
				2DDA0260273C46B9004CC40E /* pokemonPocTests */,
				2DBF81772733396E008BB75E /* Products */,
				9A057E80B0F1F67D3479B05E /* Pods */,
				F75EDA453B115F2941C35D85 /* Frameworks */,
			);
			sourceTree = "<group>";
		};
		2DBF81772733396E008BB75E /* Products */ = {
			isa = PBXGroup;
			children = (
				2DBF81762733396E008BB75E /* pokemonPoc.app */,
				2DDA025F273C46B9004CC40E /* pokemonPocTests.xctest */,
			);
			name = Products;
			sourceTree = "<group>";
		};
		2DBF81782733396E008BB75E /* pokemonPoc */ = {
			isa = PBXGroup;
			children = (
				2DBF818D27333A93008BB75E /* AppDelegate */,
				2DBF819227333B96008BB75E /* Application */,
				2DBF81A527334940008BB75E /* Localization */,
				2DB4F6132734265500993FDE /* Extension */,
				2DBF819C273343B5008BB75E /* Infrastructure */,
				2DB4F61B2734312900993FDE /* Data */,
				2DCDAE6527398DED00AF9C9E /* Domain */,
				2DBF818F27333B48008BB75E /* Presentation */,
				2DBF81A2273344CB008BB75E /* Error */,
				2DBF818E27333AB2008BB75E /* Plist */,
				2DBF819727333BE2008BB75E /* Utility */,
				2DBF818227333970008BB75E /* Assets.xcassets */,
			);
			path = pokemonPoc;
			sourceTree = "<group>";
		};
		2DBF818D27333A93008BB75E /* AppDelegate */ = {
			isa = PBXGroup;
			children = (
				2DBF81792733396E008BB75E /* AppDelegate.swift */,
				2DBF817B2733396E008BB75E /* SceneDelegate.swift */,
			);
			path = AppDelegate;
			sourceTree = "<group>";
		};
		2DBF818E27333AB2008BB75E /* Plist */ = {
			isa = PBXGroup;
			children = (
				2DBF818727333970008BB75E /* Info.plist */,
			);
			path = Plist;
			sourceTree = "<group>";
		};
		2DBF818F27333B48008BB75E /* Presentation */ = {
			isa = PBXGroup;
			children = (
				2DCDAE832739CAD600AF9C9E /* View */,
				2DBF819127333B85008BB75E /* Controller */,
				2DBF819027333B5A008BB75E /* Storyboard */,
			);
			path = Presentation;
			sourceTree = "<group>";
		};
		2DBF819027333B5A008BB75E /* Storyboard */ = {
			isa = PBXGroup;
			children = (
				2DB4F60D273425CA00993FDE /* Splash.storyboard */,
			);
			path = Storyboard;
			sourceTree = "<group>";
		};
		2DBF819127333B85008BB75E /* Controller */ = {
			isa = PBXGroup;
			children = (
				2DB4F6162734269200993FDE /* Base */,
				2DB9394A273AC1B000478E3B /* Detail */,
				2DCDAE7C2739C54300AF9C9E /* List */,
				2DB4F60F273425DD00993FDE /* Splash */,
			);
			path = Controller;
			sourceTree = "<group>";
		};
		2DBF819227333B96008BB75E /* Application */ = {
			isa = PBXGroup;
			children = (
				2DB4F5FF273424CE00993FDE /* DI */,
				2DBF819327333B9F008BB75E /* Configuration */,
			);
			path = Application;
			sourceTree = "<group>";
		};
		2DBF819327333B9F008BB75E /* Configuration */ = {
			isa = PBXGroup;
			children = (
				2DBF819427333BB2008BB75E /* Config.xcconfig */,
				2DBF819527333BC8008BB75E /* Configuration.swift */,
			);
			path = Configuration;
			sourceTree = "<group>";
		};
		2DBF819727333BE2008BB75E /* Utility */ = {
			isa = PBXGroup;
			children = (
				2DBF819827333BF2008BB75E /* ConsoleLogger.swift */,
			);
			path = Utility;
			sourceTree = "<group>";
		};
		2DBF819C273343B5008BB75E /* Infrastructure */ = {
			isa = PBXGroup;
			children = (
				2DBF819D273343BF008BB75E /* Network */,
			);
			path = Infrastructure;
			sourceTree = "<group>";
		};
		2DBF819D273343BF008BB75E /* Network */ = {
			isa = PBXGroup;
			children = (
				2DBF819E273343D1008BB75E /* NetworkRequestPerfomer.swift */,
				2DBF81A027334427008BB75E /* APIConfiguration.swift */,
			);
			path = Network;
			sourceTree = "<group>";
		};
		2DBF81A2273344CB008BB75E /* Error */ = {
			isa = PBXGroup;
			children = (
				2DBF81A3273344DB008BB75E /* CustomError.swift */,
			);
			path = Error;
			sourceTree = "<group>";
		};
		2DBF81A527334940008BB75E /* Localization */ = {
			isa = PBXGroup;
			children = (
				2DBF81A6273349BE008BB75E /* Localized.swift */,
				2DBF81AC27334B15008BB75E /* Localizable.strings */,
			);
			path = Localization;
			sourceTree = "<group>";
		};
		2DCDAE6527398DED00AF9C9E /* Domain */ = {
			isa = PBXGroup;
			children = (
				2DCDAE872739D87200AF9C9E /* Entity */,
				2DCDAE742739C2C100AF9C9E /* UseCase */,
				2DCDAE6927398E5700AF9C9E /* Model */,
				2DCDAE6627398DFE00AF9C9E /* Repository */,
			);
			path = Domain;
			sourceTree = "<group>";
		};
		2DCDAE6627398DFE00AF9C9E /* Repository */ = {
			isa = PBXGroup;
			children = (
				2DCDAE6727398E0F00AF9C9E /* PokemonRepository.swift */,
			);
			path = Repository;
			sourceTree = "<group>";
		};
		2DCDAE6927398E5700AF9C9E /* Model */ = {
			isa = PBXGroup;
			children = (
				2DCDAE6A27398E6D00AF9C9E /* PokemonModel.swift */,
				2DCDAE72273991FA00AF9C9E /* PokemonItemModel.swift */,
				2DB9395E273AEEB900478E3B /* PokemonDetailModel.swift */,
				2DB93960273AEF1200478E3B /* PokemonImageModel.swift */,
				2DB93962273AEF5100478E3B /* PokemonStatModel.swift */,
				2DB93964273AF12B00478E3B /* PokemonTypeModel.swift */,
				2DDA0257273C2176004CC40E /* DetailItem.swift */,
			);
			path = Model;
			sourceTree = "<group>";
		};
		2DCDAE6C27398EC300AF9C9E /* Repository */ = {
			isa = PBXGroup;
			children = (
				2DCDAE6D27398ED700AF9C9E /* PokemonRepositoryDefault.swift */,
			);
			path = Repository;
			sourceTree = "<group>";
		};
		2DCDAE6F273991AE00AF9C9E /* Mapper */ = {
			isa = PBXGroup;
			children = (
				2DCDAE70273991C000AF9C9E /* PokemonListResponseDTOMapper.swift */,
				2DCDAE942739E6CE00AF9C9E /* PokemonListResponseDBMapper.swift */,
				2DB93966273AF1D200478E3B /* PokemonDetailResponseDTOMapper.swift */,
			);
			path = Mapper;
			sourceTree = "<group>";
		};
		2DCDAE742739C2C100AF9C9E /* UseCase */ = {
			isa = PBXGroup;
			children = (
				2DB93968273AF74300478E3B /* PokemonDetail */,
				2DCDAE752739C2CB00AF9C9E /* PokemonList */,
			);
			path = UseCase;
			sourceTree = "<group>";
		};
		2DCDAE752739C2CB00AF9C9E /* PokemonList */ = {
			isa = PBXGroup;
			children = (
				2DCDAE762739C2DF00AF9C9E /* PokemonListUseCase.swift */,
				2DCDAE782739C2E900AF9C9E /* PokemonListUseCaseDelegate.swift */,
				2DCDAE7A2739C2F100AF9C9E /* PokemonListUseCaseDefault.swift */,
			);
			path = PokemonList;
			sourceTree = "<group>";
		};
		2DCDAE7C2739C54300AF9C9E /* List */ = {
			isa = PBXGroup;
			children = (
				2DCDAE7E2739C54D00AF9C9E /* ViewModel */,
				2DCDAE7D2739C54900AF9C9E /* Controller */,
			);
			path = List;
			sourceTree = "<group>";
		};
		2DCDAE7D2739C54900AF9C9E /* Controller */ = {
			isa = PBXGroup;
			children = (
				2DCDAE7F2739C56800AF9C9E /* PokemonListViewController.swift */,
			);
			path = Controller;
			sourceTree = "<group>";
		};
		2DCDAE7E2739C54D00AF9C9E /* ViewModel */ = {
			isa = PBXGroup;
			children = (
				2DCDAE812739C59000AF9C9E /* PokemonListViewModel.swift */,
			);
			path = ViewModel;
			sourceTree = "<group>";
		};
		2DCDAE832739CAD600AF9C9E /* View */ = {
			isa = PBXGroup;
			children = (
				2DCDAE842739CAF500AF9C9E /* PokemonCell */,
			);
			path = View;
			sourceTree = "<group>";
		};
		2DCDAE842739CAF500AF9C9E /* PokemonCell */ = {
			isa = PBXGroup;
			children = (
				2DCDAE852739CB1300AF9C9E /* PokemonListTableViewCell.swift */,
				2DDA0255273BDAC5004CC40E /* ImageTableViewCell.swift */,
				2DDA0259273C27B3004CC40E /* TextualTableViewCell.swift */,
			);
			path = PokemonCell;
			sourceTree = "<group>";
		};
		2DCDAE872739D87200AF9C9E /* Entity */ = {
			isa = PBXGroup;
			children = (
				2DCDAE882739D88E00AF9C9E /* PokemonListObject.swift */,
				2DCDAE8A2739D8CE00AF9C9E /* PokemonItemObject.swift */,
			);
			path = Entity;
			sourceTree = "<group>";
		};
		2DCDAE8C2739DAA700AF9C9E /* Persistence */ = {
			isa = PBXGroup;
			children = (
				2DCDAE8D2739DAAF00AF9C9E /* PokemonList */,
			);
			path = Persistence;
			sourceTree = "<group>";
		};
		2DCDAE8D2739DAAF00AF9C9E /* PokemonList */ = {
			isa = PBXGroup;
			children = (
				2DCDAE8E2739DACA00AF9C9E /* PokemonListRequestDB.swift */,
				2DCDAE902739DB8200AF9C9E /* PokemonListRequestDBDefault.swift */,
			);
			path = PokemonList;
			sourceTree = "<group>";
		};
		2DDA0260273C46B9004CC40E /* pokemonPocTests */ = {
			isa = PBXGroup;
			children = (
				2DDA0276273C5300004CC40E /* FileSupport */,
				2DDA0271273C4B5D004CC40E /* UseCase */,
				2DDA0269273C4742004CC40E /* PokemonModel */,
				2DDA0263273C46B9004CC40E /* Info.plist */,
				2DDA0274273C5204004CC40E /* PokemonDataRequestTest.swift */,
			);
			path = pokemonPocTests;
			sourceTree = "<group>";
		};
		2DDA0269273C4742004CC40E /* PokemonModel */ = {
			isa = PBXGroup;
			children = (
				2DDA026A273C47EF004CC40E /* PokemonItemModelUnitTest.swift */,
				2DDA026C273C492D004CC40E /* PokemonItemModelTest.swift */,
			);
			path = PokemonModel;
			sourceTree = "<group>";
		};
		2DDA0271273C4B5D004CC40E /* UseCase */ = {
			isa = PBXGroup;
			children = (
				2DDA0272273C50FC004CC40E /* PokemonListUseCaseIntegrationTest.swift */,
				2DDA027D273C544D004CC40E /* PokemonListUseCaseTest.swift */,
				2DDA027F273C707C004CC40E /* PokemonDetailUseCaseIntegrationTest.swift */,
				2DDA0281273C725B004CC40E /* PokemonDetailUseCaseTest.swift */,
			);
			path = UseCase;
			sourceTree = "<group>";
		};
		2DDA0276273C5300004CC40E /* FileSupport */ = {
			isa = PBXGroup;
			children = (
				2DDA0277273C5330004CC40E /* pokemon_list_response_200.json */,
				2DDA027A273C535F004CC40E /* pokemon_detail_response_200.json */,
			);
			path = FileSupport;
			sourceTree = "<group>";
		};
		9A057E80B0F1F67D3479B05E /* Pods */ = {
			isa = PBXGroup;
			children = (
				7CF03742601F5EDCE39132F0 /* Pods-pokemonPoc.debug.xcconfig */,
				15A285FFD7BC65E856B5DB6B /* Pods-pokemonPoc.release.xcconfig */,
				B8BF51DBD9DDAF0AFFED6704 /* Pods-pokemonPocTests.debug.xcconfig */,
				8E7A371282AB532A7D5D042B /* Pods-pokemonPocTests.release.xcconfig */,
				60755954B5D6133CD1216811 /* Pods-pokemonPoc-pokemonPocTests.debug.xcconfig */,
				E75D9F659BB7BA25B3FD1383 /* Pods-pokemonPoc-pokemonPocTests.release.xcconfig */,
			);
			path = Pods;
			sourceTree = "<group>";
		};
		F75EDA453B115F2941C35D85 /* Frameworks */ = {
			isa = PBXGroup;
			children = (
				5E63D778A695DC2C99AF42B3 /* Pods_pokemonPoc.framework */,
				ED4F3C90A79A72C3B2A67F57 /* Pods_pokemonPocTests.framework */,
			);
			name = Frameworks;
			sourceTree = "<group>";
		};
/* End PBXGroup section */

/* Begin PBXNativeTarget section */
		2DBF81752733396E008BB75E /* pokemonPoc */ = {
			isa = PBXNativeTarget;
			buildConfigurationList = 2DBF818A27333970008BB75E /* Build configuration list for PBXNativeTarget "pokemonPoc" */;
			buildPhases = (
				A935C61E9E958F5C4BDD7E6C /* [CP] Check Pods Manifest.lock */,
				2DBF81722733396E008BB75E /* Sources */,
				2DBF81732733396E008BB75E /* Frameworks */,
				2DBF81742733396E008BB75E /* Resources */,
				B57C1061B02CB0DB0DFAF321 /* [CP] Embed Pods Frameworks */,
			);
			buildRules = (
			);
			dependencies = (
			);
			name = pokemonPoc;
			productName = pokemonPoc;
			productReference = 2DBF81762733396E008BB75E /* pokemonPoc.app */;
			productType = "com.apple.product-type.application";
		};
		2DDA025E273C46B9004CC40E /* pokemonPocTests */ = {
			isa = PBXNativeTarget;
			buildConfigurationList = 2DDA0266273C46B9004CC40E /* Build configuration list for PBXNativeTarget "pokemonPocTests" */;
			buildPhases = (
				02645A25BD663657309ECC07 /* [CP] Check Pods Manifest.lock */,
				2DDA025B273C46B9004CC40E /* Sources */,
				2DDA025C273C46B9004CC40E /* Frameworks */,
				2DDA025D273C46B9004CC40E /* Resources */,
				8863C1DA2F5FF4B928135079 /* [CP] Embed Pods Frameworks */,
			);
			buildRules = (
			);
			dependencies = (
				2DDA0265273C46B9004CC40E /* PBXTargetDependency */,
			);
			name = pokemonPocTests;
			productName = pokemonPocTests;
			productReference = 2DDA025F273C46B9004CC40E /* pokemonPocTests.xctest */;
			productType = "com.apple.product-type.bundle.unit-test";
		};
/* End PBXNativeTarget section */

/* Begin PBXProject section */
		2DBF816E2733396E008BB75E /* Project object */ = {
			isa = PBXProject;
			attributes = {
				LastSwiftUpdateCheck = 1250;
				LastUpgradeCheck = 1250;
				TargetAttributes = {
					2DBF81752733396E008BB75E = {
						CreatedOnToolsVersion = 12.5.1;
					};
					2DDA025E273C46B9004CC40E = {
						CreatedOnToolsVersion = 12.5.1;
						TestTargetID = 2DBF81752733396E008BB75E;
					};
				};
			};
			buildConfigurationList = 2DBF81712733396E008BB75E /* Build configuration list for PBXProject "pokemonPoc" */;
			compatibilityVersion = "Xcode 9.3";
			developmentRegion = en;
			hasScannedForEncodings = 0;
			knownRegions = (
				en,
				Base,
			);
			mainGroup = 2DBF816D2733396E008BB75E;
			productRefGroup = 2DBF81772733396E008BB75E /* Products */;
			projectDirPath = "";
			projectRoot = "";
			targets = (
				2DBF81752733396E008BB75E /* pokemonPoc */,
				2DDA025E273C46B9004CC40E /* pokemonPocTests */,
			);
		};
/* End PBXProject section */

/* Begin PBXResourcesBuildPhase section */
		2DBF81742733396E008BB75E /* Resources */ = {
			isa = PBXResourcesBuildPhase;
			buildActionMask = 2147483647;
			files = (
				2DBF81AA27334B15008BB75E /* Localizable.strings in Resources */,
				2DDA027C273C5361004CC40E /* pokemon_detail_response_200.json in Resources */,
				2DDA0279273C534E004CC40E /* pokemon_list_response_200.json in Resources */,
				2DBF818327333970008BB75E /* Assets.xcassets in Resources */,
				2DB4F60E273425CA00993FDE /* Splash.storyboard in Resources */,
			);
			runOnlyForDeploymentPostprocessing = 0;
		};
		2DDA025D273C46B9004CC40E /* Resources */ = {
			isa = PBXResourcesBuildPhase;
			buildActionMask = 2147483647;
			files = (
			);
			runOnlyForDeploymentPostprocessing = 0;
		};
/* End PBXResourcesBuildPhase section */

/* Begin PBXShellScriptBuildPhase section */
		02645A25BD663657309ECC07 /* [CP] Check Pods Manifest.lock */ = {
			isa = PBXShellScriptBuildPhase;
			buildActionMask = 2147483647;
			files = (
			);
			inputFileListPaths = (
			);
			inputPaths = (
				"${PODS_PODFILE_DIR_PATH}/Podfile.lock",
				"${PODS_ROOT}/Manifest.lock",
			);
			name = "[CP] Check Pods Manifest.lock";
			outputFileListPaths = (
			);
			outputPaths = (
				"$(DERIVED_FILE_DIR)/Pods-pokemonPocTests-checkManifestLockResult.txt",
			);
			runOnlyForDeploymentPostprocessing = 0;
			shellPath = /bin/sh;
			shellScript = "diff \"${PODS_PODFILE_DIR_PATH}/Podfile.lock\" \"${PODS_ROOT}/Manifest.lock\" > /dev/null\nif [ $? != 0 ] ; then\n    # print error to STDERR\n    echo \"error: The sandbox is not in sync with the Podfile.lock. Run 'pod install' or update your CocoaPods installation.\" >&2\n    exit 1\nfi\n# This output is used by Xcode 'outputs' to avoid re-running this script phase.\necho \"SUCCESS\" > \"${SCRIPT_OUTPUT_FILE_0}\"\n";
			showEnvVarsInLog = 0;
		};
		8863C1DA2F5FF4B928135079 /* [CP] Embed Pods Frameworks */ = {
			isa = PBXShellScriptBuildPhase;
			buildActionMask = 2147483647;
			files = (
			);
			inputFileListPaths = (
				"${PODS_ROOT}/Target Support Files/Pods-pokemonPocTests/Pods-pokemonPocTests-frameworks-${CONFIGURATION}-input-files.xcfilelist",
			);
			name = "[CP] Embed Pods Frameworks";
			outputFileListPaths = (
				"${PODS_ROOT}/Target Support Files/Pods-pokemonPocTests/Pods-pokemonPocTests-frameworks-${CONFIGURATION}-output-files.xcfilelist",
			);
			runOnlyForDeploymentPostprocessing = 0;
			shellPath = /bin/sh;
			shellScript = "\"${PODS_ROOT}/Target Support Files/Pods-pokemonPocTests/Pods-pokemonPocTests-frameworks.sh\"\n";
			showEnvVarsInLog = 0;
		};
		A935C61E9E958F5C4BDD7E6C /* [CP] Check Pods Manifest.lock */ = {
			isa = PBXShellScriptBuildPhase;
			buildActionMask = 2147483647;
			files = (
			);
			inputFileListPaths = (
			);
			inputPaths = (
				"${PODS_PODFILE_DIR_PATH}/Podfile.lock",
				"${PODS_ROOT}/Manifest.lock",
			);
			name = "[CP] Check Pods Manifest.lock";
			outputFileListPaths = (
			);
			outputPaths = (
				"$(DERIVED_FILE_DIR)/Pods-pokemonPoc-checkManifestLockResult.txt",
			);
			runOnlyForDeploymentPostprocessing = 0;
			shellPath = /bin/sh;
			shellScript = "diff \"${PODS_PODFILE_DIR_PATH}/Podfile.lock\" \"${PODS_ROOT}/Manifest.lock\" > /dev/null\nif [ $? != 0 ] ; then\n    # print error to STDERR\n    echo \"error: The sandbox is not in sync with the Podfile.lock. Run 'pod install' or update your CocoaPods installation.\" >&2\n    exit 1\nfi\n# This output is used by Xcode 'outputs' to avoid re-running this script phase.\necho \"SUCCESS\" > \"${SCRIPT_OUTPUT_FILE_0}\"\n";
			showEnvVarsInLog = 0;
		};
		B57C1061B02CB0DB0DFAF321 /* [CP] Embed Pods Frameworks */ = {
			isa = PBXShellScriptBuildPhase;
			buildActionMask = 2147483647;
			files = (
			);
			inputFileListPaths = (
				"${PODS_ROOT}/Target Support Files/Pods-pokemonPoc/Pods-pokemonPoc-frameworks-${CONFIGURATION}-input-files.xcfilelist",
			);
			name = "[CP] Embed Pods Frameworks";
			outputFileListPaths = (
				"${PODS_ROOT}/Target Support Files/Pods-pokemonPoc/Pods-pokemonPoc-frameworks-${CONFIGURATION}-output-files.xcfilelist",
			);
			runOnlyForDeploymentPostprocessing = 0;
			shellPath = /bin/sh;
			shellScript = "\"${PODS_ROOT}/Target Support Files/Pods-pokemonPoc/Pods-pokemonPoc-frameworks.sh\"\n";
			showEnvVarsInLog = 0;
		};
/* End PBXShellScriptBuildPhase section */

/* Begin PBXSourcesBuildPhase section */
		2DBF81722733396E008BB75E /* Sources */ = {
			isa = PBXSourcesBuildPhase;
			buildActionMask = 2147483647;
			files = (
				2DBF819F273343D1008BB75E /* NetworkRequestPerfomer.swift in Sources */,
				2DDA0258273C2176004CC40E /* DetailItem.swift in Sources */,
				2DCDAE8B2739D8CE00AF9C9E /* PokemonItemObject.swift in Sources */,
				2DCDAE6427398CBC00AF9C9E /* PokemonRequestDefault.swift in Sources */,
				2DCDAE73273991FA00AF9C9E /* PokemonItemModel.swift in Sources */,
				2DCDAE892739D88E00AF9C9E /* PokemonListObject.swift in Sources */,
				2DCDAE7B2739C2F100AF9C9E /* PokemonListUseCaseDefault.swift in Sources */,
				2DB9395B273AEB1E00478E3B /* PokemonTypeElementeResponseDTO.swift in Sources */,
				2DB9394F273AC1EB00478E3B /* PokemonDetailViewController.swift in Sources */,
				2DB4F6062734252D00993FDE /* UseCaseAssembly.swift in Sources */,
				2DB9395F273AEEB900478E3B /* PokemonDetailModel.swift in Sources */,
				2DBF81A4273344DB008BB75E /* CustomError.swift in Sources */,
				2DB93967273AF1D200478E3B /* PokemonDetailResponseDTOMapper.swift in Sources */,
				2DBF819927333BF2008BB75E /* ConsoleLogger.swift in Sources */,
				2DB9395D273AEB5800478E3B /* PokemonTypeItemResponseDTO.swift in Sources */,
				2DCDAE6B27398E6D00AF9C9E /* PokemonModel.swift in Sources */,
				2DB93951273AC1FB00478E3B /* PokemonDetailViewModel.swift in Sources */,
				2DB9396C273AF76000478E3B /* PokemonDetailUseCaseDelegate.swift in Sources */,
				2DB4F6182734269C00993FDE /* BaseViewController.swift in Sources */,
				2DCDAE6E27398ED700AF9C9E /* PokemonRepositoryDefault.swift in Sources */,
				2DB4F61A273426BA00993FDE /* UIViewController+Extensions.swift in Sources */,
				2DB4F602273424F900993FDE /* ViewControllerAssembly.swift in Sources */,
				2DB4F6042734251800993FDE /* ViewModelAssembly.swift in Sources */,
				2DCDAE792739C2E900AF9C9E /* PokemonListUseCaseDelegate.swift in Sources */,
				2DB93963273AEF5100478E3B /* PokemonStatModel.swift in Sources */,
				2DDA025A273C27B3004CC40E /* TextualTableViewCell.swift in Sources */,
				2DCDAE802739C56800AF9C9E /* PokemonListViewController.swift in Sources */,
				2DBF81A7273349BE008BB75E /* Localized.swift in Sources */,
				2DB93961273AEF1200478E3B /* PokemonImageModel.swift in Sources */,
				2DB93965273AF12B00478E3B /* PokemonTypeModel.swift in Sources */,
				2DB4F60A2734256200993FDE /* NetworkAssembly.swift in Sources */,
				2DCDAE6827398E0F00AF9C9E /* PokemonRepository.swift in Sources */,
				2DB4F6202734330600993FDE /* PokemonListItemDTO.swift in Sources */,
				2DCDAE912739DB8200AF9C9E /* PokemonListRequestDBDefault.swift in Sources */,
				2DCDAE822739C59000AF9C9E /* PokemonListViewModel.swift in Sources */,
				2DBF817A2733396E008BB75E /* AppDelegate.swift in Sources */,
				2DB9396E273AF76600478E3B /* PokemonDetailUseCaseDefault.swift in Sources */,
				2DB4F6082734254B00993FDE /* RepositoryAssembly.swift in Sources */,
				2DB93959273AEAB500478E3B /* PokemonStatItemResponseDTO.swift in Sources */,
				2DDA0275273C5204004CC40E /* PokemonDataRequestTest.swift in Sources */,
				2DBF819627333BC8008BB75E /* Configuration.swift in Sources */,
				2DB4F624273438EC00993FDE /* PokemonRouter.swift in Sources */,
				2DCDAE71273991C000AF9C9E /* PokemonListResponseDTOMapper.swift in Sources */,
				2DCDAE8F2739DACA00AF9C9E /* PokemonListRequestDB.swift in Sources */,
				2DBF81A127334427008BB75E /* APIConfiguration.swift in Sources */,
				2DB4F61E273432A000993FDE /* PokemonListResponseDTO.swift in Sources */,
				2DB4F60C2734257B00993FDE /* Assembler+Extension.swift in Sources */,
				2DDA0256273BDAC5004CC40E /* ImageTableViewCell.swift in Sources */,
				2DBF817C2733396E008BB75E /* SceneDelegate.swift in Sources */,
				2DCDAE952739E6CE00AF9C9E /* PokemonListResponseDBMapper.swift in Sources */,
				2DB93953273AE8AA00478E3B /* PokemonDetailResponseDTO.swift in Sources */,
				2DCDAE6227398C7300AF9C9E /* PokemonRequest.swift in Sources */,
				2DB93957273AEA3800478E3B /* PokemonStatsResponseDTO.swift in Sources */,
				2DB4F6152734266500993FDE /* UIStoryboard+Extensions.swift in Sources */,
				2DB93955273AE98D00478E3B /* PokemonSpriteResponseDTO.swift in Sources */,
				2DCDAE862739CB1300AF9C9E /* PokemonListTableViewCell.swift in Sources */,
				2DCDAE932739DED400AF9C9E /* DatabaseAssembly.swift in Sources */,
				2DB4F612273425F600993FDE /* SplashViewController.swift in Sources */,
				2DB9396A273AF75900478E3B /* PokemonDetailUseCase.swift in Sources */,
				2DCDAE772739C2DF00AF9C9E /* PokemonListUseCase.swift in Sources */,
			);
			runOnlyForDeploymentPostprocessing = 0;
		};
		2DDA025B273C46B9004CC40E /* Sources */ = {
			isa = PBXSourcesBuildPhase;
			buildActionMask = 2147483647;
			files = (
				2DDA0273273C50FC004CC40E /* PokemonListUseCaseIntegrationTest.swift in Sources */,
				2DDA027E273C544D004CC40E /* PokemonListUseCaseTest.swift in Sources */,
				2DDA0280273C707C004CC40E /* PokemonDetailUseCaseIntegrationTest.swift in Sources */,
				2DDA026B273C47EF004CC40E /* PokemonItemModelUnitTest.swift in Sources */,
				2DDA0282273C725B004CC40E /* PokemonDetailUseCaseTest.swift in Sources */,
				2DDA026D273C492D004CC40E /* PokemonItemModelTest.swift in Sources */,
			);
			runOnlyForDeploymentPostprocessing = 0;
		};
/* End PBXSourcesBuildPhase section */

/* Begin PBXTargetDependency section */
		2DDA0265273C46B9004CC40E /* PBXTargetDependency */ = {
			isa = PBXTargetDependency;
			target = 2DBF81752733396E008BB75E /* pokemonPoc */;
			targetProxy = 2DDA0264273C46B9004CC40E /* PBXContainerItemProxy */;
		};
/* End PBXTargetDependency section */

/* Begin PBXVariantGroup section */
		2DBF81AC27334B15008BB75E /* Localizable.strings */ = {
			isa = PBXVariantGroup;
			children = (
				2DBF81AB27334B15008BB75E /* en */,
			);
			name = Localizable.strings;
			sourceTree = "<group>";
		};
/* End PBXVariantGroup section */

/* Begin XCBuildConfiguration section */
		2DBF818827333970008BB75E /* Debug */ = {
			isa = XCBuildConfiguration;
			baseConfigurationReference = 2DBF819427333BB2008BB75E /* Config.xcconfig */;
			buildSettings = {
				ALWAYS_SEARCH_USER_PATHS = NO;
				CLANG_ANALYZER_NONNULL = YES;
				CLANG_ANALYZER_NUMBER_OBJECT_CONVERSION = YES_AGGRESSIVE;
				CLANG_CXX_LANGUAGE_STANDARD = "gnu++14";
				CLANG_CXX_LIBRARY = "libc++";
				CLANG_ENABLE_MODULES = YES;
				CLANG_ENABLE_OBJC_ARC = YES;
				CLANG_ENABLE_OBJC_WEAK = YES;
				CLANG_WARN_BLOCK_CAPTURE_AUTORELEASING = YES;
				CLANG_WARN_BOOL_CONVERSION = YES;
				CLANG_WARN_COMMA = YES;
				CLANG_WARN_CONSTANT_CONVERSION = YES;
				CLANG_WARN_DEPRECATED_OBJC_IMPLEMENTATIONS = YES;
				CLANG_WARN_DIRECT_OBJC_ISA_USAGE = YES_ERROR;
				CLANG_WARN_DOCUMENTATION_COMMENTS = YES;
				CLANG_WARN_EMPTY_BODY = YES;
				CLANG_WARN_ENUM_CONVERSION = YES;
				CLANG_WARN_INFINITE_RECURSION = YES;
				CLANG_WARN_INT_CONVERSION = YES;
				CLANG_WARN_NON_LITERAL_NULL_CONVERSION = YES;
				CLANG_WARN_OBJC_IMPLICIT_RETAIN_SELF = YES;
				CLANG_WARN_OBJC_LITERAL_CONVERSION = YES;
				CLANG_WARN_OBJC_ROOT_CLASS = YES_ERROR;
				CLANG_WARN_QUOTED_INCLUDE_IN_FRAMEWORK_HEADER = YES;
				CLANG_WARN_RANGE_LOOP_ANALYSIS = YES;
				CLANG_WARN_STRICT_PROTOTYPES = YES;
				CLANG_WARN_SUSPICIOUS_MOVE = YES;
				CLANG_WARN_UNGUARDED_AVAILABILITY = YES_AGGRESSIVE;
				CLANG_WARN_UNREACHABLE_CODE = YES;
				CLANG_WARN__DUPLICATE_METHOD_MATCH = YES;
				COPY_PHASE_STRIP = NO;
				DEBUG_INFORMATION_FORMAT = dwarf;
				ENABLE_STRICT_OBJC_MSGSEND = YES;
				ENABLE_TESTABILITY = YES;
				GCC_C_LANGUAGE_STANDARD = gnu11;
				GCC_DYNAMIC_NO_PIC = NO;
				GCC_NO_COMMON_BLOCKS = YES;
				GCC_OPTIMIZATION_LEVEL = 0;
				GCC_PREPROCESSOR_DEFINITIONS = (
					"DEBUG=1",
					"$(inherited)",
				);
				GCC_WARN_64_TO_32_BIT_CONVERSION = YES;
				GCC_WARN_ABOUT_RETURN_TYPE = YES_ERROR;
				GCC_WARN_UNDECLARED_SELECTOR = YES;
				GCC_WARN_UNINITIALIZED_AUTOS = YES_AGGRESSIVE;
				GCC_WARN_UNUSED_FUNCTION = YES;
				GCC_WARN_UNUSED_VARIABLE = YES;
				IPHONEOS_DEPLOYMENT_TARGET = 11.0;
				MTL_ENABLE_DEBUG_INFO = INCLUDE_SOURCE;
				MTL_FAST_MATH = YES;
				ONLY_ACTIVE_ARCH = YES;
				SDKROOT = iphoneos;
				SWIFT_ACTIVE_COMPILATION_CONDITIONS = DEBUG;
				SWIFT_OPTIMIZATION_LEVEL = "-Onone";
			};
			name = Debug;
		};
		2DBF818927333970008BB75E /* Release */ = {
			isa = XCBuildConfiguration;
			baseConfigurationReference = 2DBF819427333BB2008BB75E /* Config.xcconfig */;
			buildSettings = {
				ALWAYS_SEARCH_USER_PATHS = NO;
				CLANG_ANALYZER_NONNULL = YES;
				CLANG_ANALYZER_NUMBER_OBJECT_CONVERSION = YES_AGGRESSIVE;
				CLANG_CXX_LANGUAGE_STANDARD = "gnu++14";
				CLANG_CXX_LIBRARY = "libc++";
				CLANG_ENABLE_MODULES = YES;
				CLANG_ENABLE_OBJC_ARC = YES;
				CLANG_ENABLE_OBJC_WEAK = YES;
				CLANG_WARN_BLOCK_CAPTURE_AUTORELEASING = YES;
				CLANG_WARN_BOOL_CONVERSION = YES;
				CLANG_WARN_COMMA = YES;
				CLANG_WARN_CONSTANT_CONVERSION = YES;
				CLANG_WARN_DEPRECATED_OBJC_IMPLEMENTATIONS = YES;
				CLANG_WARN_DIRECT_OBJC_ISA_USAGE = YES_ERROR;
				CLANG_WARN_DOCUMENTATION_COMMENTS = YES;
				CLANG_WARN_EMPTY_BODY = YES;
				CLANG_WARN_ENUM_CONVERSION = YES;
				CLANG_WARN_INFINITE_RECURSION = YES;
				CLANG_WARN_INT_CONVERSION = YES;
				CLANG_WARN_NON_LITERAL_NULL_CONVERSION = YES;
				CLANG_WARN_OBJC_IMPLICIT_RETAIN_SELF = YES;
				CLANG_WARN_OBJC_LITERAL_CONVERSION = YES;
				CLANG_WARN_OBJC_ROOT_CLASS = YES_ERROR;
				CLANG_WARN_QUOTED_INCLUDE_IN_FRAMEWORK_HEADER = YES;
				CLANG_WARN_RANGE_LOOP_ANALYSIS = YES;
				CLANG_WARN_STRICT_PROTOTYPES = YES;
				CLANG_WARN_SUSPICIOUS_MOVE = YES;
				CLANG_WARN_UNGUARDED_AVAILABILITY = YES_AGGRESSIVE;
				CLANG_WARN_UNREACHABLE_CODE = YES;
				CLANG_WARN__DUPLICATE_METHOD_MATCH = YES;
				COPY_PHASE_STRIP = NO;
				DEBUG_INFORMATION_FORMAT = "dwarf-with-dsym";
				ENABLE_NS_ASSERTIONS = NO;
				ENABLE_STRICT_OBJC_MSGSEND = YES;
				GCC_C_LANGUAGE_STANDARD = gnu11;
				GCC_NO_COMMON_BLOCKS = YES;
				GCC_WARN_64_TO_32_BIT_CONVERSION = YES;
				GCC_WARN_ABOUT_RETURN_TYPE = YES_ERROR;
				GCC_WARN_UNDECLARED_SELECTOR = YES;
				GCC_WARN_UNINITIALIZED_AUTOS = YES_AGGRESSIVE;
				GCC_WARN_UNUSED_FUNCTION = YES;
				GCC_WARN_UNUSED_VARIABLE = YES;
				IPHONEOS_DEPLOYMENT_TARGET = 11.0;
				MTL_ENABLE_DEBUG_INFO = NO;
				MTL_FAST_MATH = YES;
				SDKROOT = iphoneos;
				SWIFT_COMPILATION_MODE = wholemodule;
				SWIFT_OPTIMIZATION_LEVEL = "-O";
				VALIDATE_PRODUCT = YES;
			};
			name = Release;
		};
		2DBF818B27333970008BB75E /* Debug */ = {
			isa = XCBuildConfiguration;
			baseConfigurationReference = 7CF03742601F5EDCE39132F0 /* Pods-pokemonPoc.debug.xcconfig */;
			buildSettings = {
				ASSETCATALOG_COMPILER_APPICON_NAME = AppIcon;
				ASSETCATALOG_COMPILER_GLOBAL_ACCENT_COLOR_NAME = AccentColor;
				CODE_SIGN_STYLE = Automatic;
				DEVELOPMENT_TEAM = GB5KHBW76F;
				INFOPLIST_FILE = pokemonPoc/Plist/Info.plist;
				LD_RUNPATH_SEARCH_PATHS = (
					"$(inherited)",
					"@executable_path/Frameworks",
				);
				PRODUCT_BUNDLE_IDENTIFIER = com.ale.pokemonPoc;
				PRODUCT_NAME = "$(TARGET_NAME)";
				SWIFT_VERSION = 5.0;
				TARGETED_DEVICE_FAMILY = "1,2";
			};
			name = Debug;
		};
		2DBF818C27333970008BB75E /* Release */ = {
			isa = XCBuildConfiguration;
			baseConfigurationReference = 15A285FFD7BC65E856B5DB6B /* Pods-pokemonPoc.release.xcconfig */;
			buildSettings = {
				ASSETCATALOG_COMPILER_APPICON_NAME = AppIcon;
				ASSETCATALOG_COMPILER_GLOBAL_ACCENT_COLOR_NAME = AccentColor;
				CODE_SIGN_STYLE = Automatic;
				DEVELOPMENT_TEAM = GB5KHBW76F;
				INFOPLIST_FILE = pokemonPoc/Plist/Info.plist;
				LD_RUNPATH_SEARCH_PATHS = (
					"$(inherited)",
					"@executable_path/Frameworks",
				);
				PRODUCT_BUNDLE_IDENTIFIER = com.ale.pokemonPoc;
				PRODUCT_NAME = "$(TARGET_NAME)";
				SWIFT_VERSION = 5.0;
				TARGETED_DEVICE_FAMILY = "1,2";
			};
			name = Release;
		};
		2DDA0267273C46B9004CC40E /* Debug */ = {
			isa = XCBuildConfiguration;
			baseConfigurationReference = B8BF51DBD9DDAF0AFFED6704 /* Pods-pokemonPocTests.debug.xcconfig */;
			buildSettings = {
				BUNDLE_LOADER = "$(TEST_HOST)";
				CODE_SIGN_STYLE = Automatic;
				DEVELOPMENT_TEAM = GB5KHBW76F;
				INFOPLIST_FILE = pokemonPocTests/Info.plist;
				IPHONEOS_DEPLOYMENT_TARGET = 11.0;
				LD_RUNPATH_SEARCH_PATHS = (
					"$(inherited)",
					"@executable_path/Frameworks",
					"@loader_path/Frameworks",
				);
				PRODUCT_BUNDLE_IDENTIFIER = com.ale.pokemonPocTests;
				PRODUCT_NAME = "$(TARGET_NAME)";
				SWIFT_VERSION = 5.0;
				TARGETED_DEVICE_FAMILY = "1,2";
				TEST_HOST = "$(BUILT_PRODUCTS_DIR)/pokemonPoc.app/pokemonPoc";
			};
			name = Debug;
		};
		2DDA0268273C46B9004CC40E /* Release */ = {
			isa = XCBuildConfiguration;
			baseConfigurationReference = 8E7A371282AB532A7D5D042B /* Pods-pokemonPocTests.release.xcconfig */;
			buildSettings = {
				BUNDLE_LOADER = "$(TEST_HOST)";
				CODE_SIGN_STYLE = Automatic;
				DEVELOPMENT_TEAM = GB5KHBW76F;
				INFOPLIST_FILE = pokemonPocTests/Info.plist;
				IPHONEOS_DEPLOYMENT_TARGET = 11.0;
				LD_RUNPATH_SEARCH_PATHS = (
					"$(inherited)",
					"@executable_path/Frameworks",
					"@loader_path/Frameworks",
				);
				PRODUCT_BUNDLE_IDENTIFIER = com.ale.pokemonPocTests;
				PRODUCT_NAME = "$(TARGET_NAME)";
				SWIFT_VERSION = 5.0;
				TARGETED_DEVICE_FAMILY = "1,2";
				TEST_HOST = "$(BUILT_PRODUCTS_DIR)/pokemonPoc.app/pokemonPoc";
			};
			name = Release;
		};
/* End XCBuildConfiguration section */

/* Begin XCConfigurationList section */
		2DBF81712733396E008BB75E /* Build configuration list for PBXProject "pokemonPoc" */ = {
			isa = XCConfigurationList;
			buildConfigurations = (
				2DBF818827333970008BB75E /* Debug */,
				2DBF818927333970008BB75E /* Release */,
			);
			defaultConfigurationIsVisible = 0;
			defaultConfigurationName = Release;
		};
		2DBF818A27333970008BB75E /* Build configuration list for PBXNativeTarget "pokemonPoc" */ = {
			isa = XCConfigurationList;
			buildConfigurations = (
				2DBF818B27333970008BB75E /* Debug */,
				2DBF818C27333970008BB75E /* Release */,
			);
			defaultConfigurationIsVisible = 0;
			defaultConfigurationName = Release;
		};
		2DDA0266273C46B9004CC40E /* Build configuration list for PBXNativeTarget "pokemonPocTests" */ = {
			isa = XCConfigurationList;
			buildConfigurations = (
				2DDA0267273C46B9004CC40E /* Debug */,
				2DDA0268273C46B9004CC40E /* Release */,
			);
			defaultConfigurationIsVisible = 0;
			defaultConfigurationName = Release;
		};
/* End XCConfigurationList section */
	};
	rootObject = 2DBF816E2733396E008BB75E /* Project object */;
}
