// !$*UTF8*$!
{
	archiveVersion = 1;
	classes = {
	};
	objectVersion = 50;
	objects = {

/* Begin PBXBuildFile section */
		2DBF817A2733396E008BB75E /* AppDelegate.swift in Sources */ = {isa = PBXBuildFile; fileRef = 2DBF81792733396E008BB75E /* AppDelegate.swift */; };
		2DBF817C2733396E008BB75E /* SceneDelegate.swift in Sources */ = {isa = PBXBuildFile; fileRef = 2DBF817B2733396E008BB75E /* SceneDelegate.swift */; };
		2DBF817E2733396E008BB75E /* ViewController.swift in Sources */ = {isa = PBXBuildFile; fileRef = 2DBF817D2733396E008BB75E /* ViewController.swift */; };
		2DBF81812733396E008BB75E /* Main.storyboard in Resources */ = {isa = PBXBuildFile; fileRef = 2DBF817F2733396E008BB75E /* Main.storyboard */; };
		2DBF818327333970008BB75E /* Assets.xcassets in Resources */ = {isa = PBXBuildFile; fileRef = 2DBF818227333970008BB75E /* Assets.xcassets */; };
		2DBF818627333970008BB75E /* LaunchScreen.storyboard in Resources */ = {isa = PBXBuildFile; fileRef = 2DBF818427333970008BB75E /* LaunchScreen.storyboard */; };
		2DBF819627333BC8008BB75E /* Configuration.swift in Sources */ = {isa = PBXBuildFile; fileRef = 2DBF819527333BC8008BB75E /* Configuration.swift */; };
		2DBF819927333BF2008BB75E /* ConsoleLogger.swift in Sources */ = {isa = PBXBuildFile; fileRef = 2DBF819827333BF2008BB75E /* ConsoleLogger.swift */; };
		2DBF819F273343D1008BB75E /* NetworkRequestPerfomer.swift in Sources */ = {isa = PBXBuildFile; fileRef = 2DBF819E273343D1008BB75E /* NetworkRequestPerfomer.swift */; };
		2DBF81A127334427008BB75E /* APIConfiguration.swift in Sources */ = {isa = PBXBuildFile; fileRef = 2DBF81A027334427008BB75E /* APIConfiguration.swift */; };
		2DBF81A4273344DB008BB75E /* CustomError.swift in Sources */ = {isa = PBXBuildFile; fileRef = 2DBF81A3273344DB008BB75E /* CustomError.swift */; };
		2DBF81A7273349BE008BB75E /* Localized.swift in Sources */ = {isa = PBXBuildFile; fileRef = 2DBF81A6273349BE008BB75E /* Localized.swift */; };
		2DBF81AA27334B15008BB75E /* Localizable.strings in Resources */ = {isa = PBXBuildFile; fileRef = 2DBF81AC27334B15008BB75E /* Localizable.strings */; };
/* End PBXBuildFile section */

/* Begin PBXFileReference section */
		2DBF81762733396E008BB75E /* pokemonPoc.app */ = {isa = PBXFileReference; explicitFileType = wrapper.application; includeInIndex = 0; path = pokemonPoc.app; sourceTree = BUILT_PRODUCTS_DIR; };
		2DBF81792733396E008BB75E /* AppDelegate.swift */ = {isa = PBXFileReference; lastKnownFileType = sourcecode.swift; path = AppDelegate.swift; sourceTree = "<group>"; };
		2DBF817B2733396E008BB75E /* SceneDelegate.swift */ = {isa = PBXFileReference; lastKnownFileType = sourcecode.swift; path = SceneDelegate.swift; sourceTree = "<group>"; };
		2DBF817D2733396E008BB75E /* ViewController.swift */ = {isa = PBXFileReference; lastKnownFileType = sourcecode.swift; path = ViewController.swift; sourceTree = "<group>"; };
		2DBF81802733396E008BB75E /* Base */ = {isa = PBXFileReference; lastKnownFileType = file.storyboard; name = Base; path = Base.lproj/Main.storyboard; sourceTree = "<group>"; };
		2DBF818227333970008BB75E /* Assets.xcassets */ = {isa = PBXFileReference; lastKnownFileType = folder.assetcatalog; path = Assets.xcassets; sourceTree = "<group>"; };
		2DBF818527333970008BB75E /* Base */ = {isa = PBXFileReference; lastKnownFileType = file.storyboard; name = Base; path = Base.lproj/LaunchScreen.storyboard; sourceTree = "<group>"; };
		2DBF818727333970008BB75E /* Info.plist */ = {isa = PBXFileReference; lastKnownFileType = text.plist.xml; path = Info.plist; sourceTree = "<group>"; };
		2DBF819427333BB2008BB75E /* Config.xcconfig */ = {isa = PBXFileReference; lastKnownFileType = text.xcconfig; path = Config.xcconfig; sourceTree = "<group>"; };
		2DBF819527333BC8008BB75E /* Configuration.swift */ = {isa = PBXFileReference; lastKnownFileType = sourcecode.swift; path = Configuration.swift; sourceTree = "<group>"; };
		2DBF819827333BF2008BB75E /* ConsoleLogger.swift */ = {isa = PBXFileReference; lastKnownFileType = sourcecode.swift; path = ConsoleLogger.swift; sourceTree = "<group>"; };
		2DBF819E273343D1008BB75E /* NetworkRequestPerfomer.swift */ = {isa = PBXFileReference; lastKnownFileType = sourcecode.swift; path = NetworkRequestPerfomer.swift; sourceTree = "<group>"; };
		2DBF81A027334427008BB75E /* APIConfiguration.swift */ = {isa = PBXFileReference; lastKnownFileType = sourcecode.swift; path = APIConfiguration.swift; sourceTree = "<group>"; };
		2DBF81A3273344DB008BB75E /* CustomError.swift */ = {isa = PBXFileReference; lastKnownFileType = sourcecode.swift; path = CustomError.swift; sourceTree = "<group>"; };
		2DBF81A6273349BE008BB75E /* Localized.swift */ = {isa = PBXFileReference; lastKnownFileType = sourcecode.swift; path = Localized.swift; sourceTree = "<group>"; };
		2DBF81AB27334B15008BB75E /* en */ = {isa = PBXFileReference; lastKnownFileType = text.plist.strings; name = en; path = en.lproj/Localizable.strings; sourceTree = "<group>"; };
/* End PBXFileReference section */

/* Begin PBXFrameworksBuildPhase section */
		2DBF81732733396E008BB75E /* Frameworks */ = {
			isa = PBXFrameworksBuildPhase;
			buildActionMask = 2147483647;
			files = (
			);
			runOnlyForDeploymentPostprocessing = 0;
		};
/* End PBXFrameworksBuildPhase section */

/* Begin PBXGroup section */
		2DBF816D2733396E008BB75E = {
			isa = PBXGroup;
			children = (
				2DBF81782733396E008BB75E /* pokemonPoc */,
				2DBF81772733396E008BB75E /* Products */,
			);
			sourceTree = "<group>";
		};
		2DBF81772733396E008BB75E /* Products */ = {
			isa = PBXGroup;
			children = (
				2DBF81762733396E008BB75E /* pokemonPoc.app */,
			);
			name = Products;
			sourceTree = "<group>";
		};
		2DBF81782733396E008BB75E /* pokemonPoc */ = {
			isa = PBXGroup;
			children = (
				2DBF81A527334940008BB75E /* Localization */,
				2DBF818D27333A93008BB75E /* AppDelegate */,
				2DBF819227333B96008BB75E /* Application */,
				2DBF819C273343B5008BB75E /* Infrastructure */,
				2DBF818F27333B48008BB75E /* Presentation */,
				2DBF81A2273344CB008BB75E /* Error */,
				2DBF818E27333AB2008BB75E /* Plist */,
				2DBF819727333BE2008BB75E /* Utility */,
				2DBF817D2733396E008BB75E /* ViewController.swift */,
				2DBF818227333970008BB75E /* Assets.xcassets */,
			);
			path = pokemonPoc;
			sourceTree = "<group>";
		};
		2DBF818D27333A93008BB75E /* AppDelegate */ = {
			isa = PBXGroup;
			children = (
				2DBF81792733396E008BB75E /* AppDelegate.swift */,
				2DBF817B2733396E008BB75E /* SceneDelegate.swift */,
			);
			path = AppDelegate;
			sourceTree = "<group>";
		};
		2DBF818E27333AB2008BB75E /* Plist */ = {
			isa = PBXGroup;
			children = (
				2DBF818727333970008BB75E /* Info.plist */,
			);
			path = Plist;
			sourceTree = "<group>";
		};
		2DBF818F27333B48008BB75E /* Presentation */ = {
			isa = PBXGroup;
			children = (
				2DBF819127333B85008BB75E /* Controller */,
				2DBF819027333B5A008BB75E /* Storyboard */,
			);
			path = Presentation;
			sourceTree = "<group>";
		};
		2DBF819027333B5A008BB75E /* Storyboard */ = {
			isa = PBXGroup;
			children = (
				2DBF817F2733396E008BB75E /* Main.storyboard */,
				2DBF818427333970008BB75E /* LaunchScreen.storyboard */,
			);
			path = Storyboard;
			sourceTree = "<group>";
		};
		2DBF819127333B85008BB75E /* Controller */ = {
			isa = PBXGroup;
			children = (
			);
			path = Controller;
			sourceTree = "<group>";
		};
		2DBF819227333B96008BB75E /* Application */ = {
			isa = PBXGroup;
			children = (
				2DBF819327333B9F008BB75E /* Configuration */,
			);
			path = Application;
			sourceTree = "<group>";
		};
		2DBF819327333B9F008BB75E /* Configuration */ = {
			isa = PBXGroup;
			children = (
				2DBF819427333BB2008BB75E /* Config.xcconfig */,
				2DBF819527333BC8008BB75E /* Configuration.swift */,
			);
			path = Configuration;
			sourceTree = "<group>";
		};
		2DBF819727333BE2008BB75E /* Utility */ = {
			isa = PBXGroup;
			children = (
				2DBF819827333BF2008BB75E /* ConsoleLogger.swift */,
			);
			path = Utility;
			sourceTree = "<group>";
		};
		2DBF819C273343B5008BB75E /* Infrastructure */ = {
			isa = PBXGroup;
			children = (
				2DBF819D273343BF008BB75E /* Network */,
			);
			path = Infrastructure;
			sourceTree = "<group>";
		};
		2DBF819D273343BF008BB75E /* Network */ = {
			isa = PBXGroup;
			children = (
				2DBF819E273343D1008BB75E /* NetworkRequestPerfomer.swift */,
				2DBF81A027334427008BB75E /* APIConfiguration.swift */,
			);
			path = Network;
			sourceTree = "<group>";
		};
		2DBF81A2273344CB008BB75E /* Error */ = {
			isa = PBXGroup;
			children = (
				2DBF81A3273344DB008BB75E /* CustomError.swift */,
			);
			path = Error;
			sourceTree = "<group>";
		};
		2DBF81A527334940008BB75E /* Localization */ = {
			isa = PBXGroup;
			children = (
				2DBF81A6273349BE008BB75E /* Localized.swift */,
				2DBF81AC27334B15008BB75E /* Localizable.strings */,
			);
			path = Localization;
			sourceTree = "<group>";
		};
/* End PBXGroup section */

/* Begin PBXNativeTarget section */
		2DBF81752733396E008BB75E /* pokemonPoc */ = {
			isa = PBXNativeTarget;
			buildConfigurationList = 2DBF818A27333970008BB75E /* Build configuration list for PBXNativeTarget "pokemonPoc" */;
			buildPhases = (
				2DBF81722733396E008BB75E /* Sources */,
				2DBF81732733396E008BB75E /* Frameworks */,
				2DBF81742733396E008BB75E /* Resources */,
			);
			buildRules = (
			);
			dependencies = (
			);
			name = pokemonPoc;
			productName = pokemonPoc;
			productReference = 2DBF81762733396E008BB75E /* pokemonPoc.app */;
			productType = "com.apple.product-type.application";
		};
/* End PBXNativeTarget section */

/* Begin PBXProject section */
		2DBF816E2733396E008BB75E /* Project object */ = {
			isa = PBXProject;
			attributes = {
				LastSwiftUpdateCheck = 1250;
				LastUpgradeCheck = 1250;
				TargetAttributes = {
					2DBF81752733396E008BB75E = {
						CreatedOnToolsVersion = 12.5.1;
					};
				};
			};
			buildConfigurationList = 2DBF81712733396E008BB75E /* Build configuration list for PBXProject "pokemonPoc" */;
			compatibilityVersion = "Xcode 9.3";
			developmentRegion = en;
			hasScannedForEncodings = 0;
			knownRegions = (
				en,
				Base,
			);
			mainGroup = 2DBF816D2733396E008BB75E;
			productRefGroup = 2DBF81772733396E008BB75E /* Products */;
			projectDirPath = "";
			projectRoot = "";
			targets = (
				2DBF81752733396E008BB75E /* pokemonPoc */,
			);
		};
/* End PBXProject section */

/* Begin PBXResourcesBuildPhase section */
		2DBF81742733396E008BB75E /* Resources */ = {
			isa = PBXResourcesBuildPhase;
			buildActionMask = 2147483647;
			files = (
				2DBF818627333970008BB75E /* LaunchScreen.storyboard in Resources */,
				2DBF81AA27334B15008BB75E /* Localizable.strings in Resources */,
				2DBF818327333970008BB75E /* Assets.xcassets in Resources */,
				2DBF81812733396E008BB75E /* Main.storyboard in Resources */,
			);
			runOnlyForDeploymentPostprocessing = 0;
		};
/* End PBXResourcesBuildPhase section */

/* Begin PBXSourcesBuildPhase section */
		2DBF81722733396E008BB75E /* Sources */ = {
			isa = PBXSourcesBuildPhase;
			buildActionMask = 2147483647;
			files = (
				2DBF819F273343D1008BB75E /* NetworkRequestPerfomer.swift in Sources */,
				2DBF81A4273344DB008BB75E /* CustomError.swift in Sources */,
				2DBF819927333BF2008BB75E /* ConsoleLogger.swift in Sources */,
				2DBF817E2733396E008BB75E /* ViewController.swift in Sources */,
				2DBF81A7273349BE008BB75E /* Localized.swift in Sources */,
				2DBF817A2733396E008BB75E /* AppDelegate.swift in Sources */,
				2DBF819627333BC8008BB75E /* Configuration.swift in Sources */,
				2DBF81A127334427008BB75E /* APIConfiguration.swift in Sources */,
				2DBF817C2733396E008BB75E /* SceneDelegate.swift in Sources */,
			);
			runOnlyForDeploymentPostprocessing = 0;
		};
/* End PBXSourcesBuildPhase section */

/* Begin PBXVariantGroup section */
		2DBF817F2733396E008BB75E /* Main.storyboard */ = {
			isa = PBXVariantGroup;
			children = (
				2DBF81802733396E008BB75E /* Base */,
			);
			name = Main.storyboard;
			sourceTree = "<group>";
		};
		2DBF818427333970008BB75E /* LaunchScreen.storyboard */ = {
			isa = PBXVariantGroup;
			children = (
				2DBF818527333970008BB75E /* Base */,
			);
			name = LaunchScreen.storyboard;
			sourceTree = "<group>";
		};
		2DBF81AC27334B15008BB75E /* Localizable.strings */ = {
			isa = PBXVariantGroup;
			children = (
				2DBF81AB27334B15008BB75E /* en */,
			);
			name = Localizable.strings;
			sourceTree = "<group>";
		};
/* End PBXVariantGroup section */

/* Begin XCBuildConfiguration section */
		2DBF818827333970008BB75E /* Debug */ = {
			isa = XCBuildConfiguration;
			baseConfigurationReference = 2DBF819427333BB2008BB75E /* Config.xcconfig */;
			buildSettings = {
				ALWAYS_SEARCH_USER_PATHS = NO;
				CLANG_ANALYZER_NONNULL = YES;
				CLANG_ANALYZER_NUMBER_OBJECT_CONVERSION = YES_AGGRESSIVE;
				CLANG_CXX_LANGUAGE_STANDARD = "gnu++14";
				CLANG_CXX_LIBRARY = "libc++";
				CLANG_ENABLE_MODULES = YES;
				CLANG_ENABLE_OBJC_ARC = YES;
				CLANG_ENABLE_OBJC_WEAK = YES;
				CLANG_WARN_BLOCK_CAPTURE_AUTORELEASING = YES;
				CLANG_WARN_BOOL_CONVERSION = YES;
				CLANG_WARN_COMMA = YES;
				CLANG_WARN_CONSTANT_CONVERSION = YES;
				CLANG_WARN_DEPRECATED_OBJC_IMPLEMENTATIONS = YES;
				CLANG_WARN_DIRECT_OBJC_ISA_USAGE = YES_ERROR;
				CLANG_WARN_DOCUMENTATION_COMMENTS = YES;
				CLANG_WARN_EMPTY_BODY = YES;
				CLANG_WARN_ENUM_CONVERSION = YES;
				CLANG_WARN_INFINITE_RECURSION = YES;
				CLANG_WARN_INT_CONVERSION = YES;
				CLANG_WARN_NON_LITERAL_NULL_CONVERSION = YES;
				CLANG_WARN_OBJC_IMPLICIT_RETAIN_SELF = YES;
				CLANG_WARN_OBJC_LITERAL_CONVERSION = YES;
				CLANG_WARN_OBJC_ROOT_CLASS = YES_ERROR;
				CLANG_WARN_QUOTED_INCLUDE_IN_FRAMEWORK_HEADER = YES;
				CLANG_WARN_RANGE_LOOP_ANALYSIS = YES;
				CLANG_WARN_STRICT_PROTOTYPES = YES;
				CLANG_WARN_SUSPICIOUS_MOVE = YES;
				CLANG_WARN_UNGUARDED_AVAILABILITY = YES_AGGRESSIVE;
				CLANG_WARN_UNREACHABLE_CODE = YES;
				CLANG_WARN__DUPLICATE_METHOD_MATCH = YES;
				COPY_PHASE_STRIP = NO;
				DEBUG_INFORMATION_FORMAT = dwarf;
				ENABLE_STRICT_OBJC_MSGSEND = YES;
				ENABLE_TESTABILITY = YES;
				GCC_C_LANGUAGE_STANDARD = gnu11;
				GCC_DYNAMIC_NO_PIC = NO;
				GCC_NO_COMMON_BLOCKS = YES;
				GCC_OPTIMIZATION_LEVEL = 0;
				GCC_PREPROCESSOR_DEFINITIONS = (
					"DEBUG=1",
					"$(inherited)",
				);
				GCC_WARN_64_TO_32_BIT_CONVERSION = YES;
				GCC_WARN_ABOUT_RETURN_TYPE = YES_ERROR;
				GCC_WARN_UNDECLARED_SELECTOR = YES;
				GCC_WARN_UNINITIALIZED_AUTOS = YES_AGGRESSIVE;
				GCC_WARN_UNUSED_FUNCTION = YES;
				GCC_WARN_UNUSED_VARIABLE = YES;
				IPHONEOS_DEPLOYMENT_TARGET = 11.0;
				MTL_ENABLE_DEBUG_INFO = INCLUDE_SOURCE;
				MTL_FAST_MATH = YES;
				ONLY_ACTIVE_ARCH = YES;
				SDKROOT = iphoneos;
				SWIFT_ACTIVE_COMPILATION_CONDITIONS = DEBUG;
				SWIFT_OPTIMIZATION_LEVEL = "-Onone";
			};
			name = Debug;
		};
		2DBF818927333970008BB75E /* Release */ = {
			isa = XCBuildConfiguration;
			baseConfigurationReference = 2DBF819427333BB2008BB75E /* Config.xcconfig */;
			buildSettings = {
				ALWAYS_SEARCH_USER_PATHS = NO;
				CLANG_ANALYZER_NONNULL = YES;
				CLANG_ANALYZER_NUMBER_OBJECT_CONVERSION = YES_AGGRESSIVE;
				CLANG_CXX_LANGUAGE_STANDARD = "gnu++14";
				CLANG_CXX_LIBRARY = "libc++";
				CLANG_ENABLE_MODULES = YES;
				CLANG_ENABLE_OBJC_ARC = YES;
				CLANG_ENABLE_OBJC_WEAK = YES;
				CLANG_WARN_BLOCK_CAPTURE_AUTORELEASING = YES;
				CLANG_WARN_BOOL_CONVERSION = YES;
				CLANG_WARN_COMMA = YES;
				CLANG_WARN_CONSTANT_CONVERSION = YES;
				CLANG_WARN_DEPRECATED_OBJC_IMPLEMENTATIONS = YES;
				CLANG_WARN_DIRECT_OBJC_ISA_USAGE = YES_ERROR;
				CLANG_WARN_DOCUMENTATION_COMMENTS = YES;
				CLANG_WARN_EMPTY_BODY = YES;
				CLANG_WARN_ENUM_CONVERSION = YES;
				CLANG_WARN_INFINITE_RECURSION = YES;
				CLANG_WARN_INT_CONVERSION = YES;
				CLANG_WARN_NON_LITERAL_NULL_CONVERSION = YES;
				CLANG_WARN_OBJC_IMPLICIT_RETAIN_SELF = YES;
				CLANG_WARN_OBJC_LITERAL_CONVERSION = YES;
				CLANG_WARN_OBJC_ROOT_CLASS = YES_ERROR;
				CLANG_WARN_QUOTED_INCLUDE_IN_FRAMEWORK_HEADER = YES;
				CLANG_WARN_RANGE_LOOP_ANALYSIS = YES;
				CLANG_WARN_STRICT_PROTOTYPES = YES;
				CLANG_WARN_SUSPICIOUS_MOVE = YES;
				CLANG_WARN_UNGUARDED_AVAILABILITY = YES_AGGRESSIVE;
				CLANG_WARN_UNREACHABLE_CODE = YES;
				CLANG_WARN__DUPLICATE_METHOD_MATCH = YES;
				COPY_PHASE_STRIP = NO;
				DEBUG_INFORMATION_FORMAT = "dwarf-with-dsym";
				ENABLE_NS_ASSERTIONS = NO;
				ENABLE_STRICT_OBJC_MSGSEND = YES;
				GCC_C_LANGUAGE_STANDARD = gnu11;
				GCC_NO_COMMON_BLOCKS = YES;
				GCC_WARN_64_TO_32_BIT_CONVERSION = YES;
				GCC_WARN_ABOUT_RETURN_TYPE = YES_ERROR;
				GCC_WARN_UNDECLARED_SELECTOR = YES;
				GCC_WARN_UNINITIALIZED_AUTOS = YES_AGGRESSIVE;
				GCC_WARN_UNUSED_FUNCTION = YES;
				GCC_WARN_UNUSED_VARIABLE = YES;
				IPHONEOS_DEPLOYMENT_TARGET = 11.0;
				MTL_ENABLE_DEBUG_INFO = NO;
				MTL_FAST_MATH = YES;
				SDKROOT = iphoneos;
				SWIFT_COMPILATION_MODE = wholemodule;
				SWIFT_OPTIMIZATION_LEVEL = "-O";
				VALIDATE_PRODUCT = YES;
			};
			name = Release;
		};
		2DBF818B27333970008BB75E /* Debug */ = {
			isa = XCBuildConfiguration;
			buildSettings = {
				ASSETCATALOG_COMPILER_APPICON_NAME = AppIcon;
				ASSETCATALOG_COMPILER_GLOBAL_ACCENT_COLOR_NAME = AccentColor;
				CODE_SIGN_STYLE = Automatic;
				DEVELOPMENT_TEAM = GB5KHBW76F;
				INFOPLIST_FILE = pokemonPoc/Plist/Info.plist;
				LD_RUNPATH_SEARCH_PATHS = (
					"$(inherited)",
					"@executable_path/Frameworks",
				);
				PRODUCT_BUNDLE_IDENTIFIER = com.ale.pokemonPoc;
				PRODUCT_NAME = "$(TARGET_NAME)";
				SWIFT_VERSION = 5.0;
				TARGETED_DEVICE_FAMILY = "1,2";
			};
			name = Debug;
		};
		2DBF818C27333970008BB75E /* Release */ = {
			isa = XCBuildConfiguration;
			buildSettings = {
				ASSETCATALOG_COMPILER_APPICON_NAME = AppIcon;
				ASSETCATALOG_COMPILER_GLOBAL_ACCENT_COLOR_NAME = AccentColor;
				CODE_SIGN_STYLE = Automatic;
				DEVELOPMENT_TEAM = GB5KHBW76F;
				INFOPLIST_FILE = pokemonPoc/Plist/Info.plist;
				LD_RUNPATH_SEARCH_PATHS = (
					"$(inherited)",
					"@executable_path/Frameworks",
				);
				PRODUCT_BUNDLE_IDENTIFIER = com.ale.pokemonPoc;
				PRODUCT_NAME = "$(TARGET_NAME)";
				SWIFT_VERSION = 5.0;
				TARGETED_DEVICE_FAMILY = "1,2";
			};
			name = Release;
		};
/* End XCBuildConfiguration section */

/* Begin XCConfigurationList section */
		2DBF81712733396E008BB75E /* Build configuration list for PBXProject "pokemonPoc" */ = {
			isa = XCConfigurationList;
			buildConfigurations = (
				2DBF818827333970008BB75E /* Debug */,
				2DBF818927333970008BB75E /* Release */,
			);
			defaultConfigurationIsVisible = 0;
			defaultConfigurationName = Release;
		};
		2DBF818A27333970008BB75E /* Build configuration list for PBXNativeTarget "pokemonPoc" */ = {
			isa = XCConfigurationList;
			buildConfigurations = (
				2DBF818B27333970008BB75E /* Debug */,
				2DBF818C27333970008BB75E /* Release */,
			);
			defaultConfigurationIsVisible = 0;
			defaultConfigurationName = Release;
		};
/* End XCConfigurationList section */
	};
	rootObject = 2DBF816E2733396E008BB75E /* Project object */;
}
